// !$*UTF8*$!
{
	archiveVersion = 1;
	classes = {
	};
	objectVersion = 48;
	objects = {

/* Begin PBXCopyFilesBuildPhase section */
		198058D82034EFA4003DD86C /* CopyFiles */ = {
			isa = PBXCopyFilesBuildPhase;
			buildActionMask = 2147483647;
			dstPath = "include/$(PRODUCT_NAME)";
			dstSubfolderSpec = 16;
			files = (
			);
			runOnlyForDeploymentPostprocessing = 0;
		};
/* End PBXCopyFilesBuildPhase section */

/* Begin PBXFileReference section */
		1917BA6F20361E23000D06DE /* MAXAdViewAdapter.swift */ = {isa = PBXFileReference; lastKnownFileType = sourcecode.swift; path = MAXAdViewAdapter.swift; sourceTree = "<group>"; };
		1917BA7020361E23000D06DE /* MAXInterstitialAdapter.swift */ = {isa = PBXFileReference; lastKnownFileType = sourcecode.swift; path = MAXInterstitialAdapter.swift; sourceTree = "<group>"; };
		1917BA7120361E23000D06DE /* MAXTokenProvider.swift */ = {isa = PBXFileReference; lastKnownFileType = sourcecode.swift; path = MAXTokenProvider.swift; sourceTree = "<group>"; };
		1917BA7320361E23000D06DE /* MAXAdRequest.swift */ = {isa = PBXFileReference; lastKnownFileType = sourcecode.swift; path = MAXAdRequest.swift; sourceTree = "<group>"; };
		1917BA7420361E23000D06DE /* MAXAdRequestManager.swift */ = {isa = PBXFileReference; lastKnownFileType = sourcecode.swift; path = MAXAdRequestManager.swift; sourceTree = "<group>"; };
		1917BA7520361E23000D06DE /* MAXAdResponse.swift */ = {isa = PBXFileReference; lastKnownFileType = sourcecode.swift; path = MAXAdResponse.swift; sourceTree = "<group>"; };
		1917BA7620361E23000D06DE /* MAXAPIConstants.swift */ = {isa = PBXFileReference; lastKnownFileType = sourcecode.swift; path = MAXAPIConstants.swift; sourceTree = "<group>"; };
		1917BA7720361E23000D06DE /* MAXUserAgent.swift */ = {isa = PBXFileReference; lastKnownFileType = sourcecode.swift; path = MAXUserAgent.swift; sourceTree = "<group>"; };
		1917BA7A20361E23000D06DE /* LICENSE */ = {isa = PBXFileReference; lastKnownFileType = text; path = LICENSE; sourceTree = "<group>"; };
		1917BA7B20361E23000D06DE /* README.md */ = {isa = PBXFileReference; lastKnownFileType = net.daringfireball.markdown; path = README.md; sourceTree = "<group>"; };
		1917BA7D20361E23000D06DE /* CloseButton.png */ = {isa = PBXFileReference; lastKnownFileType = image.png; path = CloseButton.png; sourceTree = "<group>"; };
		1917BA7E20361E23000D06DE /* mraid.js */ = {isa = PBXFileReference; lastKnownFileType = sourcecode.javascript; path = mraid.js; sourceTree = "<group>"; };
		1917BA8020361E23000D06DE /* LICENSE */ = {isa = PBXFileReference; lastKnownFileType = text; path = LICENSE; sourceTree = "<group>"; };
		1917BA8120361E23000D06DE /* README.md */ = {isa = PBXFileReference; lastKnownFileType = net.daringfireball.markdown; path = README.md; sourceTree = "<group>"; };
		1917BA8320361E23000D06DE /* BackButton.png */ = {isa = PBXFileReference; lastKnownFileType = image.png; path = BackButton.png; sourceTree = "<group>"; };
		1917BA8420361E23000D06DE /* ForwardButton.png */ = {isa = PBXFileReference; lastKnownFileType = image.png; path = ForwardButton.png; sourceTree = "<group>"; };
		1917BA8620361E23000D06DE /* LICENSE */ = {isa = PBXFileReference; lastKnownFileType = text; path = LICENSE; sourceTree = "<group>"; };
		1917BA8720361E23000D06DE /* README.md */ = {isa = PBXFileReference; lastKnownFileType = net.daringfireball.markdown; path = README.md; sourceTree = "<group>"; };
		1917BA8920361E23000D06DE /* vast_2.0.1.xsd */ = {isa = PBXFileReference; lastKnownFileType = text.xml; path = vast_2.0.1.xsd; sourceTree = "<group>"; };
		1917BA8A20361E23000D06DE /* MAXConfiguration.swift */ = {isa = PBXFileReference; lastKnownFileType = sourcecode.swift; path = MAXConfiguration.swift; sourceTree = "<group>"; };
		1917BA8B20361E23000D06DE /* MAXLocationProvider.swift */ = {isa = PBXFileReference; lastKnownFileType = sourcecode.swift; path = MAXLocationProvider.swift; sourceTree = "<group>"; };
		1917BA8D20361E23000D06DE /* max_mraidjs.h */ = {isa = PBXFileReference; lastKnownFileType = sourcecode.c.h; path = max_mraidjs.h; sourceTree = "<group>"; };
		1917BA8E20361E23000D06DE /* MAXAds.swift */ = {isa = PBXFileReference; lastKnownFileType = sourcecode.swift; path = MAXAds.swift; sourceTree = "<group>"; };
		1917BA8F20361E23000D06DE /* MaxBrowser.h */ = {isa = PBXFileReference; lastKnownFileType = sourcecode.c.h; path = MaxBrowser.h; sourceTree = "<group>"; };
		1917BA9020361E23000D06DE /* MaxBrowser.m */ = {isa = PBXFileReference; lastKnownFileType = sourcecode.c.objc; path = MaxBrowser.m; sourceTree = "<group>"; };
		1917BA9120361E23000D06DE /* MaxBrowserControlsView.h */ = {isa = PBXFileReference; lastKnownFileType = sourcecode.c.h; path = MaxBrowserControlsView.h; sourceTree = "<group>"; };
		1917BA9220361E23000D06DE /* MaxBrowserControlsView.m */ = {isa = PBXFileReference; lastKnownFileType = sourcecode.c.objc; path = MaxBrowserControlsView.m; sourceTree = "<group>"; };
		1917BA9320361E23000D06DE /* MaxCommonBackButton.h */ = {isa = PBXFileReference; lastKnownFileType = sourcecode.c.h; path = MaxCommonBackButton.h; sourceTree = "<group>"; };
		1917BA9420361E23000D06DE /* MaxCommonCloseButton.h */ = {isa = PBXFileReference; lastKnownFileType = sourcecode.c.h; path = MaxCommonCloseButton.h; sourceTree = "<group>"; };
		1917BA9520361E23000D06DE /* MaxCommonLogger.h */ = {isa = PBXFileReference; lastKnownFileType = sourcecode.c.h; path = MaxCommonLogger.h; sourceTree = "<group>"; };
		1917BA9620361E23000D06DE /* MaxCommonLogger.m */ = {isa = PBXFileReference; lastKnownFileType = sourcecode.c.objc; path = MaxCommonLogger.m; sourceTree = "<group>"; };
		1917BA9720361E23000D06DE /* MaxCommonSettings.h */ = {isa = PBXFileReference; lastKnownFileType = sourcecode.c.h; path = MaxCommonSettings.h; sourceTree = "<group>"; };
		1917BA9820361E23000D06DE /* MaxCommonSettings.m */ = {isa = PBXFileReference; lastKnownFileType = sourcecode.c.objc; path = MaxCommonSettings.m; sourceTree = "<group>"; };
		1917BA9920361E23000D06DE /* MaxForwardButton.h */ = {isa = PBXFileReference; lastKnownFileType = sourcecode.c.h; path = MaxForwardButton.h; sourceTree = "<group>"; };
		1917BA9A20361E23000D06DE /* MaxMRAIDInterstitial.h */ = {isa = PBXFileReference; lastKnownFileType = sourcecode.c.h; path = MaxMRAIDInterstitial.h; sourceTree = "<group>"; };
		1917BA9B20361E23000D06DE /* MaxMRAIDInterstitial.m */ = {isa = PBXFileReference; lastKnownFileType = sourcecode.c.objc; path = MaxMRAIDInterstitial.m; sourceTree = "<group>"; };
		1917BA9C20361E23000D06DE /* MaxMRAIDModalViewController.h */ = {isa = PBXFileReference; lastKnownFileType = sourcecode.c.h; path = MaxMRAIDModalViewController.h; sourceTree = "<group>"; };
		1917BA9D20361E23000D06DE /* MaxMRAIDModalViewController.m */ = {isa = PBXFileReference; lastKnownFileType = sourcecode.c.objc; path = MaxMRAIDModalViewController.m; sourceTree = "<group>"; };
		1917BA9E20361E23000D06DE /* MaxMRAIDOrientationProperties.h */ = {isa = PBXFileReference; lastKnownFileType = sourcecode.c.h; path = MaxMRAIDOrientationProperties.h; sourceTree = "<group>"; };
		1917BA9F20361E23000D06DE /* MaxMRAIDOrientationProperties.m */ = {isa = PBXFileReference; lastKnownFileType = sourcecode.c.objc; path = MaxMRAIDOrientationProperties.m; sourceTree = "<group>"; };
		1917BAA020361E23000D06DE /* MaxMRAIDParser.h */ = {isa = PBXFileReference; lastKnownFileType = sourcecode.c.h; path = MaxMRAIDParser.h; sourceTree = "<group>"; };
		1917BAA120361E23000D06DE /* MaxMRAIDParser.m */ = {isa = PBXFileReference; lastKnownFileType = sourcecode.c.objc; path = MaxMRAIDParser.m; sourceTree = "<group>"; };
		1917BAA220361E23000D06DE /* MaxMRAIDResizeProperties.h */ = {isa = PBXFileReference; lastKnownFileType = sourcecode.c.h; path = MaxMRAIDResizeProperties.h; sourceTree = "<group>"; };
		1917BAA320361E23000D06DE /* MaxMRAIDResizeProperties.m */ = {isa = PBXFileReference; lastKnownFileType = sourcecode.c.objc; path = MaxMRAIDResizeProperties.m; sourceTree = "<group>"; };
		1917BAA420361E23000D06DE /* MaxMRAIDServiceDelegate.h */ = {isa = PBXFileReference; lastKnownFileType = sourcecode.c.h; path = MaxMRAIDServiceDelegate.h; sourceTree = "<group>"; };
		1917BAA520361E23000D06DE /* MaxMRAIDSettings.h */ = {isa = PBXFileReference; lastKnownFileType = sourcecode.c.h; path = MaxMRAIDSettings.h; sourceTree = "<group>"; };
		1917BAA620361E23000D06DE /* MaxMRAIDSettings.m */ = {isa = PBXFileReference; lastKnownFileType = sourcecode.c.objc; path = MaxMRAIDSettings.m; sourceTree = "<group>"; };
		1917BAA720361E23000D06DE /* MaxMRAIDUtil.h */ = {isa = PBXFileReference; lastKnownFileType = sourcecode.c.h; path = MaxMRAIDUtil.h; sourceTree = "<group>"; };
		1917BAA820361E23000D06DE /* MaxMRAIDUtil.m */ = {isa = PBXFileReference; lastKnownFileType = sourcecode.c.objc; path = MaxMRAIDUtil.m; sourceTree = "<group>"; };
		1917BAA920361E23000D06DE /* MaxMRAIDView.h */ = {isa = PBXFileReference; lastKnownFileType = sourcecode.c.h; path = MaxMRAIDView.h; sourceTree = "<group>"; };
		1917BAAA20361E23000D06DE /* MaxMRAIDView.m */ = {isa = PBXFileReference; lastKnownFileType = sourcecode.c.objc; path = MaxMRAIDView.m; sourceTree = "<group>"; };
		1917BAAB20361E23000D06DE /* MaxReachability.h */ = {isa = PBXFileReference; lastKnownFileType = sourcecode.c.h; path = MaxReachability.h; sourceTree = "<group>"; };
		1917BAAC20361E23000D06DE /* MaxReachability.m */ = {isa = PBXFileReference; lastKnownFileType = sourcecode.c.objc; path = MaxReachability.m; sourceTree = "<group>"; };
		1917BAAD20361E23000D06DE /* MAXSession.swift */ = {isa = PBXFileReference; lastKnownFileType = sourcecode.swift; path = MAXSession.swift; sourceTree = "<group>"; };
		1917BAAE20361E23000D06DE /* MaxVAST2Parser.h */ = {isa = PBXFileReference; lastKnownFileType = sourcecode.c.h; path = MaxVAST2Parser.h; sourceTree = "<group>"; };
		1917BAAF20361E23000D06DE /* MaxVAST2Parser.m */ = {isa = PBXFileReference; lastKnownFileType = sourcecode.c.objc; path = MaxVAST2Parser.m; sourceTree = "<group>"; };
		1917BAB020361E23000D06DE /* MaxVASTControls.h */ = {isa = PBXFileReference; lastKnownFileType = sourcecode.c.h; path = MaxVASTControls.h; sourceTree = "<group>"; };
		1917BAB120361E23000D06DE /* MaxVASTControls.m */ = {isa = PBXFileReference; lastKnownFileType = sourcecode.c.objc; path = MaxVASTControls.m; sourceTree = "<group>"; };
		1917BAB220361E23000D06DE /* MaxVASTError.h */ = {isa = PBXFileReference; lastKnownFileType = sourcecode.c.h; path = MaxVASTError.h; sourceTree = "<group>"; };
		1917BAB320361E23000D06DE /* MaxVASTEventProcessor.h */ = {isa = PBXFileReference; lastKnownFileType = sourcecode.c.h; path = MaxVASTEventProcessor.h; sourceTree = "<group>"; };
		1917BAB420361E23000D06DE /* MaxVASTEventProcessor.m */ = {isa = PBXFileReference; lastKnownFileType = sourcecode.c.objc; path = MaxVASTEventProcessor.m; sourceTree = "<group>"; };
		1917BAB520361E23000D06DE /* MaxVASTMediaFile.h */ = {isa = PBXFileReference; lastKnownFileType = sourcecode.c.h; path = MaxVASTMediaFile.h; sourceTree = "<group>"; };
		1917BAB620361E23000D06DE /* MaxVASTMediaFile.m */ = {isa = PBXFileReference; lastKnownFileType = sourcecode.c.objc; path = MaxVASTMediaFile.m; sourceTree = "<group>"; };
		1917BAB720361E23000D06DE /* MaxVASTMediaFilePicker.h */ = {isa = PBXFileReference; lastKnownFileType = sourcecode.c.h; path = MaxVASTMediaFilePicker.h; sourceTree = "<group>"; };
		1917BAB820361E23000D06DE /* MaxVASTMediaFilePicker.m */ = {isa = PBXFileReference; lastKnownFileType = sourcecode.c.objc; path = MaxVASTMediaFilePicker.m; sourceTree = "<group>"; };
		1917BAB920361E23000D06DE /* MaxVASTModel.h */ = {isa = PBXFileReference; lastKnownFileType = sourcecode.c.h; path = MaxVASTModel.h; sourceTree = "<group>"; };
		1917BABA20361E23000D06DE /* MaxVASTModel.m */ = {isa = PBXFileReference; lastKnownFileType = sourcecode.c.objc; path = MaxVASTModel.m; sourceTree = "<group>"; };
		1917BABB20361E23000D06DE /* MaxVASTSchema.h */ = {isa = PBXFileReference; lastKnownFileType = sourcecode.c.h; path = MaxVASTSchema.h; sourceTree = "<group>"; };
		1917BABC20361E23000D06DE /* MaxVASTSettings.h */ = {isa = PBXFileReference; lastKnownFileType = sourcecode.c.h; path = MaxVASTSettings.h; sourceTree = "<group>"; };
		1917BABD20361E23000D06DE /* MaxVASTSettings.m */ = {isa = PBXFileReference; lastKnownFileType = sourcecode.c.objc; path = MaxVASTSettings.m; sourceTree = "<group>"; };
		1917BABE20361E23000D06DE /* MaxVASTUrlWithId.h */ = {isa = PBXFileReference; lastKnownFileType = sourcecode.c.h; path = MaxVASTUrlWithId.h; sourceTree = "<group>"; };
		1917BABF20361E23000D06DE /* MaxVASTUrlWithId.m */ = {isa = PBXFileReference; lastKnownFileType = sourcecode.c.objc; path = MaxVASTUrlWithId.m; sourceTree = "<group>"; };
		1917BAC020361E23000D06DE /* MaxVASTViewController.h */ = {isa = PBXFileReference; lastKnownFileType = sourcecode.c.h; path = MaxVASTViewController.h; sourceTree = "<group>"; };
		1917BAC120361E23000D06DE /* MaxVASTViewController.m */ = {isa = PBXFileReference; lastKnownFileType = sourcecode.c.objc; path = MaxVASTViewController.m; sourceTree = "<group>"; };
		1917BAC220361E23000D06DE /* MaxVASTXMLUtil.h */ = {isa = PBXFileReference; lastKnownFileType = sourcecode.c.h; path = MaxVASTXMLUtil.h; sourceTree = "<group>"; };
		1917BAC320361E23000D06DE /* MaxVASTXMLUtil.m */ = {isa = PBXFileReference; lastKnownFileType = sourcecode.c.objc; path = MaxVASTXMLUtil.m; sourceTree = "<group>"; };
		1917BAC420361E23000D06DE /* MixedStaticFramework-Bridging-Header.h */ = {isa = PBXFileReference; lastKnownFileType = sourcecode.c.h; path = "MixedStaticFramework-Bridging-Header.h"; sourceTree = "<group>"; };
		1917BAC520361E23000D06DE /* ObjCFile.h */ = {isa = PBXFileReference; lastKnownFileType = sourcecode.c.h; path = ObjCFile.h; sourceTree = "<group>"; };
		1917BAC620361E23000D06DE /* ObjCFile.m */ = {isa = PBXFileReference; lastKnownFileType = sourcecode.c.objc; path = ObjCFile.m; sourceTree = "<group>"; };
		1917BAC720361E23000D06DE /* SwiftFile.swift */ = {isa = PBXFileReference; lastKnownFileType = sourcecode.swift; path = SwiftFile.swift; sourceTree = "<group>"; };
		1917BAC820361E23000D06DE /* SwiftFileNoObjC.swift */ = {isa = PBXFileReference; lastKnownFileType = sourcecode.swift; path = SwiftFileNoObjC.swift; sourceTree = "<group>"; };
		1917BACA20361E23000D06DE /* MAXConcurrentDictionary.swift */ = {isa = PBXFileReference; lastKnownFileType = sourcecode.swift; path = MAXConcurrentDictionary.swift; sourceTree = "<group>"; };
		1917BACB20361E23000D06DE /* MAXDateFormatter.swift */ = {isa = PBXFileReference; lastKnownFileType = sourcecode.swift; path = MAXDateFormatter.swift; sourceTree = "<group>"; };
		1917BACC20361E23000D06DE /* MAXError.swift */ = {isa = PBXFileReference; lastKnownFileType = sourcecode.swift; path = MAXError.swift; sourceTree = "<group>"; };
		1917BACD20361E23000D06DE /* MAXErrorReporter.swift */ = {isa = PBXFileReference; lastKnownFileType = sourcecode.swift; path = MAXErrorReporter.swift; sourceTree = "<group>"; };
		1917BACE20361E23000D06DE /* MAXLinkHandler.swift */ = {isa = PBXFileReference; lastKnownFileType = sourcecode.swift; path = MAXLinkHandler.swift; sourceTree = "<group>"; };
		1917BACF20361E23000D06DE /* MAXLogger.swift */ = {isa = PBXFileReference; lastKnownFileType = sourcecode.swift; path = MAXLogger.swift; sourceTree = "<group>"; };
		1917BAD120361E23000D06DE /* MAXAdView.swift */ = {isa = PBXFileReference; lastKnownFileType = sourcecode.swift; path = MAXAdView.swift; sourceTree = "<group>"; };
		1917BAD220361E23000D06DE /* MAXInterstitialAd.swift */ = {isa = PBXFileReference; lastKnownFileType = sourcecode.swift; path = MAXInterstitialAd.swift; sourceTree = "<group>"; };
		198058DA2034EFA4003DD86C /* libMixedStaticFramework.a */ = {isa = PBXFileReference; explicitFileType = archive.ar; includeInIndex = 0; path = libMixedStaticFramework.a; sourceTree = BUILT_PRODUCTS_DIR; };
		199C60B9203616B000B4EC11 /* libxml2.tbd */ = {isa = PBXFileReference; lastKnownFileType = "sourcecode.text-based-dylib-definition"; name = libxml2.tbd; path = usr/lib/libxml2.tbd; sourceTree = SDKROOT; };
/* End PBXFileReference section */

/* Begin PBXFrameworksBuildPhase section */
		198058D72034EFA4003DD86C /* Frameworks */ = {
			isa = PBXFrameworksBuildPhase;
			buildActionMask = 2147483647;
			files = (
			);
			runOnlyForDeploymentPostprocessing = 0;
		};
/* End PBXFrameworksBuildPhase section */

/* Begin PBXGroup section */
		1917BA6D20361E23000D06DE /* Core */ = {
			isa = PBXGroup;
			children = (
				1917BA6E20361E23000D06DE /* Adapters */,
				1917BA7220361E23000D06DE /* API */,
				1917BA7820361E23000D06DE /* Base */,
				1917BA8A20361E23000D06DE /* MAXConfiguration.swift */,
				1917BA8B20361E23000D06DE /* MAXLocationProvider.swift */,
				1917BA8C20361E23000D06DE /* ObjC */,
				1917BAC720361E23000D06DE /* SwiftFile.swift */,
				1917BAC820361E23000D06DE /* SwiftFileNoObjC.swift */,
				1917BAC920361E23000D06DE /* Utility */,
				1917BAD020361E23000D06DE /* View */,
			);
			path = Core;
			sourceTree = "<group>";
		};
		1917BA6E20361E23000D06DE /* Adapters */ = {
			isa = PBXGroup;
			children = (
				1917BA6F20361E23000D06DE /* MAXAdViewAdapter.swift */,
				1917BA7020361E23000D06DE /* MAXInterstitialAdapter.swift */,
				1917BA7120361E23000D06DE /* MAXTokenProvider.swift */,
			);
			path = Adapters;
			sourceTree = "<group>";
		};
		1917BA7220361E23000D06DE /* API */ = {
			isa = PBXGroup;
			children = (
				1917BA7320361E23000D06DE /* MAXAdRequest.swift */,
				1917BA7420361E23000D06DE /* MAXAdRequestManager.swift */,
				1917BA7520361E23000D06DE /* MAXAdResponse.swift */,
				1917BA7620361E23000D06DE /* MAXAPIConstants.swift */,
				1917BA7720361E23000D06DE /* MAXUserAgent.swift */,
			);
			path = API;
			sourceTree = "<group>";
		};
		1917BA7820361E23000D06DE /* Base */ = {
			isa = PBXGroup;
			children = (
				1917BA7920361E23000D06DE /* MRAID */,
				1917BA7F20361E23000D06DE /* SourceKitCommon */,
				1917BA8520361E23000D06DE /* VAST */,
			);
			path = Base;
			sourceTree = "<group>";
		};
		1917BA7920361E23000D06DE /* MRAID */ = {
			isa = PBXGroup;
			children = (
				1917BA7A20361E23000D06DE /* LICENSE */,
				1917BA7B20361E23000D06DE /* README.md */,
				1917BA7C20361E23000D06DE /* res */,
			);
			path = MRAID;
			sourceTree = "<group>";
		};
		1917BA7C20361E23000D06DE /* res */ = {
			isa = PBXGroup;
			children = (
				1917BA7D20361E23000D06DE /* CloseButton.png */,
				1917BA7E20361E23000D06DE /* mraid.js */,
			);
			path = res;
			sourceTree = "<group>";
		};
		1917BA7F20361E23000D06DE /* SourceKitCommon */ = {
			isa = PBXGroup;
			children = (
				1917BA8020361E23000D06DE /* LICENSE */,
				1917BA8120361E23000D06DE /* README.md */,
				1917BA8220361E23000D06DE /* res */,
			);
			path = SourceKitCommon;
			sourceTree = "<group>";
		};
		1917BA8220361E23000D06DE /* res */ = {
			isa = PBXGroup;
			children = (
				1917BA8320361E23000D06DE /* BackButton.png */,
				1917BA8420361E23000D06DE /* ForwardButton.png */,
			);
			path = res;
			sourceTree = "<group>";
		};
		1917BA8520361E23000D06DE /* VAST */ = {
			isa = PBXGroup;
			children = (
				1917BA8620361E23000D06DE /* LICENSE */,
				1917BA8720361E23000D06DE /* README.md */,
				1917BA8820361E23000D06DE /* res */,
			);
			path = VAST;
			sourceTree = "<group>";
		};
		1917BA8820361E23000D06DE /* res */ = {
			isa = PBXGroup;
			children = (
				1917BA8920361E23000D06DE /* vast_2.0.1.xsd */,
			);
			path = res;
			sourceTree = "<group>";
		};
		1917BA8C20361E23000D06DE /* ObjC */ = {
			isa = PBXGroup;
			children = (
				1917BA8D20361E23000D06DE /* max_mraidjs.h */,
				1917BA8E20361E23000D06DE /* MAXAds.swift */,
				1917BA8F20361E23000D06DE /* MaxBrowser.h */,
				1917BA9020361E23000D06DE /* MaxBrowser.m */,
				1917BA9120361E23000D06DE /* MaxBrowserControlsView.h */,
				1917BA9220361E23000D06DE /* MaxBrowserControlsView.m */,
				1917BA9320361E23000D06DE /* MaxCommonBackButton.h */,
				1917BA9420361E23000D06DE /* MaxCommonCloseButton.h */,
				1917BA9520361E23000D06DE /* MaxCommonLogger.h */,
				1917BA9620361E23000D06DE /* MaxCommonLogger.m */,
				1917BA9720361E23000D06DE /* MaxCommonSettings.h */,
				1917BA9820361E23000D06DE /* MaxCommonSettings.m */,
				1917BA9920361E23000D06DE /* MaxForwardButton.h */,
				1917BA9A20361E23000D06DE /* MaxMRAIDInterstitial.h */,
				1917BA9B20361E23000D06DE /* MaxMRAIDInterstitial.m */,
				1917BA9C20361E23000D06DE /* MaxMRAIDModalViewController.h */,
				1917BA9D20361E23000D06DE /* MaxMRAIDModalViewController.m */,
				1917BA9E20361E23000D06DE /* MaxMRAIDOrientationProperties.h */,
				1917BA9F20361E23000D06DE /* MaxMRAIDOrientationProperties.m */,
				1917BAA020361E23000D06DE /* MaxMRAIDParser.h */,
				1917BAA120361E23000D06DE /* MaxMRAIDParser.m */,
				1917BAA220361E23000D06DE /* MaxMRAIDResizeProperties.h */,
				1917BAA320361E23000D06DE /* MaxMRAIDResizeProperties.m */,
				1917BAA420361E23000D06DE /* MaxMRAIDServiceDelegate.h */,
				1917BAA520361E23000D06DE /* MaxMRAIDSettings.h */,
				1917BAA620361E23000D06DE /* MaxMRAIDSettings.m */,
				1917BAA720361E23000D06DE /* MaxMRAIDUtil.h */,
				1917BAA820361E23000D06DE /* MaxMRAIDUtil.m */,
				1917BAA920361E23000D06DE /* MaxMRAIDView.h */,
				1917BAAA20361E23000D06DE /* MaxMRAIDView.m */,
				1917BAAB20361E23000D06DE /* MaxReachability.h */,
				1917BAAC20361E23000D06DE /* MaxReachability.m */,
				1917BAAD20361E23000D06DE /* MAXSession.swift */,
				1917BAAE20361E23000D06DE /* MaxVAST2Parser.h */,
				1917BAAF20361E23000D06DE /* MaxVAST2Parser.m */,
				1917BAB020361E23000D06DE /* MaxVASTControls.h */,
				1917BAB120361E23000D06DE /* MaxVASTControls.m */,
				1917BAB220361E23000D06DE /* MaxVASTError.h */,
				1917BAB320361E23000D06DE /* MaxVASTEventProcessor.h */,
				1917BAB420361E23000D06DE /* MaxVASTEventProcessor.m */,
				1917BAB520361E23000D06DE /* MaxVASTMediaFile.h */,
				1917BAB620361E23000D06DE /* MaxVASTMediaFile.m */,
				1917BAB720361E23000D06DE /* MaxVASTMediaFilePicker.h */,
				1917BAB820361E23000D06DE /* MaxVASTMediaFilePicker.m */,
				1917BAB920361E23000D06DE /* MaxVASTModel.h */,
				1917BABA20361E23000D06DE /* MaxVASTModel.m */,
				1917BABB20361E23000D06DE /* MaxVASTSchema.h */,
				1917BABC20361E23000D06DE /* MaxVASTSettings.h */,
				1917BABD20361E23000D06DE /* MaxVASTSettings.m */,
				1917BABE20361E23000D06DE /* MaxVASTUrlWithId.h */,
				1917BABF20361E23000D06DE /* MaxVASTUrlWithId.m */,
				1917BAC020361E23000D06DE /* MaxVASTViewController.h */,
				1917BAC120361E23000D06DE /* MaxVASTViewController.m */,
				1917BAC220361E23000D06DE /* MaxVASTXMLUtil.h */,
				1917BAC320361E23000D06DE /* MaxVASTXMLUtil.m */,
				1917BAC420361E23000D06DE /* MixedStaticFramework-Bridging-Header.h */,
				1917BAC520361E23000D06DE /* ObjCFile.h */,
				1917BAC620361E23000D06DE /* ObjCFile.m */,
			);
			path = ObjC;
			sourceTree = "<group>";
		};
		1917BAC920361E23000D06DE /* Utility */ = {
			isa = PBXGroup;
			children = (
				1917BACA20361E23000D06DE /* MAXConcurrentDictionary.swift */,
				1917BACB20361E23000D06DE /* MAXDateFormatter.swift */,
				1917BACC20361E23000D06DE /* MAXError.swift */,
				1917BACD20361E23000D06DE /* MAXErrorReporter.swift */,
				1917BACE20361E23000D06DE /* MAXLinkHandler.swift */,
				1917BACF20361E23000D06DE /* MAXLogger.swift */,
			);
			path = Utility;
			sourceTree = "<group>";
		};
		1917BAD020361E23000D06DE /* View */ = {
			isa = PBXGroup;
			children = (
				1917BAD120361E23000D06DE /* MAXAdView.swift */,
				1917BAD220361E23000D06DE /* MAXInterstitialAd.swift */,
			);
			path = View;
			sourceTree = "<group>";
		};
		198058D12034EFA4003DD86C = {
			isa = PBXGroup;
			children = (
				198058DC2034EFA4003DD86C /* MixedStaticFramework */,
				198058DB2034EFA4003DD86C /* Products */,
				199C60B8203616B000B4EC11 /* Frameworks */,
			);
			sourceTree = "<group>";
		};
		198058DB2034EFA4003DD86C /* Products */ = {
			isa = PBXGroup;
			children = (
				198058DA2034EFA4003DD86C /* libMixedStaticFramework.a */,
			);
			name = Products;
			sourceTree = "<group>";
		};
		198058DC2034EFA4003DD86C /* MixedStaticFramework */ = {
			isa = PBXGroup;
			children = (
				1917BA6D20361E23000D06DE /* Core */,
			);
			path = MixedStaticFramework;
			sourceTree = "<group>";
		};
		199C60B8203616B000B4EC11 /* Frameworks */ = {
			isa = PBXGroup;
			children = (
				199C60B9203616B000B4EC11 /* libxml2.tbd */,
			);
			name = Frameworks;
			sourceTree = "<group>";
		};
/* End PBXGroup section */

/* Begin PBXNativeTarget section */
		198058D92034EFA4003DD86C /* MixedStaticFramework */ = {
			isa = PBXNativeTarget;
			buildConfigurationList = 198058E32034EFA4003DD86C /* Build configuration list for PBXNativeTarget "MixedStaticFramework" */;
			buildPhases = (
				198058D62034EFA4003DD86C /* Sources */,
				198058D72034EFA4003DD86C /* Frameworks */,
				198058D82034EFA4003DD86C /* CopyFiles */,
			);
			buildRules = (
			);
			dependencies = (
			);
			name = MixedStaticFramework;
			productName = MixedStaticFramework;
			productReference = 198058DA2034EFA4003DD86C /* libMixedStaticFramework.a */;
			productType = "com.apple.product-type.library.static";
		};
/* End PBXNativeTarget section */

/* Begin PBXProject section */
		198058D22034EFA4003DD86C /* Project object */ = {
			isa = PBXProject;
			attributes = {
				LastUpgradeCheck = 0920;
				ORGANIZATIONNAME = "Bryan Boyko";
				TargetAttributes = {
					198058D92034EFA4003DD86C = {
						CreatedOnToolsVersion = 9.2;
						LastSwiftMigration = 0920;
						ProvisioningStyle = Automatic;
					};
				};
			};
			buildConfigurationList = 198058D52034EFA4003DD86C /* Build configuration list for PBXProject "MixedStaticFramework" */;
			compatibilityVersion = "Xcode 8.0";
			developmentRegion = en;
			hasScannedForEncodings = 0;
			knownRegions = (
				en,
			);
			mainGroup = 198058D12034EFA4003DD86C;
			productRefGroup = 198058DB2034EFA4003DD86C /* Products */;
			projectDirPath = "";
			projectRoot = "";
			targets = (
				198058D92034EFA4003DD86C /* MixedStaticFramework */,
			);
		};
/* End PBXProject section */

/* Begin PBXSourcesBuildPhase section */
		198058D62034EFA4003DD86C /* Sources */ = {
			isa = PBXSourcesBuildPhase;
			buildActionMask = 2147483647;
			files = (
			);
			runOnlyForDeploymentPostprocessing = 0;
		};
/* End PBXSourcesBuildPhase section */

/* Begin XCBuildConfiguration section */
		198058E12034EFA4003DD86C /* Debug */ = {
			isa = XCBuildConfiguration;
			buildSettings = {
				ALWAYS_SEARCH_USER_PATHS = NO;
				CLANG_ANALYZER_NONNULL = YES;
				CLANG_ANALYZER_NUMBER_OBJECT_CONVERSION = YES_AGGRESSIVE;
				CLANG_CXX_LANGUAGE_STANDARD = "gnu++14";
				CLANG_CXX_LIBRARY = "libc++";
				CLANG_ENABLE_MODULES = YES;
				CLANG_ENABLE_OBJC_ARC = YES;
				CLANG_WARN_BLOCK_CAPTURE_AUTORELEASING = YES;
				CLANG_WARN_BOOL_CONVERSION = YES;
				CLANG_WARN_COMMA = YES;
				CLANG_WARN_CONSTANT_CONVERSION = YES;
				CLANG_WARN_DIRECT_OBJC_ISA_USAGE = YES_ERROR;
				CLANG_WARN_DOCUMENTATION_COMMENTS = YES;
				CLANG_WARN_EMPTY_BODY = YES;
				CLANG_WARN_ENUM_CONVERSION = YES;
				CLANG_WARN_INFINITE_RECURSION = YES;
				CLANG_WARN_INT_CONVERSION = YES;
				CLANG_WARN_NON_LITERAL_NULL_CONVERSION = YES;
				CLANG_WARN_OBJC_LITERAL_CONVERSION = YES;
				CLANG_WARN_OBJC_ROOT_CLASS = YES_ERROR;
				CLANG_WARN_RANGE_LOOP_ANALYSIS = YES;
				CLANG_WARN_STRICT_PROTOTYPES = YES;
				CLANG_WARN_SUSPICIOUS_MOVE = YES;
				CLANG_WARN_UNGUARDED_AVAILABILITY = YES_AGGRESSIVE;
				CLANG_WARN_UNREACHABLE_CODE = YES;
				CLANG_WARN__DUPLICATE_METHOD_MATCH = YES;
				CODE_SIGN_IDENTITY = "iPhone Developer";
				COPY_PHASE_STRIP = NO;
				DEBUG_INFORMATION_FORMAT = dwarf;
				ENABLE_STRICT_OBJC_MSGSEND = YES;
				ENABLE_TESTABILITY = YES;
				GCC_C_LANGUAGE_STANDARD = gnu11;
				GCC_DYNAMIC_NO_PIC = NO;
				GCC_NO_COMMON_BLOCKS = YES;
				GCC_OPTIMIZATION_LEVEL = 0;
				GCC_PREPROCESSOR_DEFINITIONS = (
					"DEBUG=1",
					"$(inherited)",
				);
				GCC_WARN_64_TO_32_BIT_CONVERSION = YES;
				GCC_WARN_ABOUT_RETURN_TYPE = YES_ERROR;
				GCC_WARN_UNDECLARED_SELECTOR = YES;
				GCC_WARN_UNINITIALIZED_AUTOS = YES_AGGRESSIVE;
				GCC_WARN_UNUSED_FUNCTION = YES;
				GCC_WARN_UNUSED_VARIABLE = YES;
				IPHONEOS_DEPLOYMENT_TARGET = 11.2;
				MTL_ENABLE_DEBUG_INFO = YES;
				ONLY_ACTIVE_ARCH = YES;
				SDKROOT = iphoneos;
			};
			name = Debug;
		};
		198058E22034EFA4003DD86C /* Release */ = {
			isa = XCBuildConfiguration;
			buildSettings = {
				ALWAYS_SEARCH_USER_PATHS = NO;
				CLANG_ANALYZER_NONNULL = YES;
				CLANG_ANALYZER_NUMBER_OBJECT_CONVERSION = YES_AGGRESSIVE;
				CLANG_CXX_LANGUAGE_STANDARD = "gnu++14";
				CLANG_CXX_LIBRARY = "libc++";
				CLANG_ENABLE_MODULES = YES;
				CLANG_ENABLE_OBJC_ARC = YES;
				CLANG_WARN_BLOCK_CAPTURE_AUTORELEASING = YES;
				CLANG_WARN_BOOL_CONVERSION = YES;
				CLANG_WARN_COMMA = YES;
				CLANG_WARN_CONSTANT_CONVERSION = YES;
				CLANG_WARN_DIRECT_OBJC_ISA_USAGE = YES_ERROR;
				CLANG_WARN_DOCUMENTATION_COMMENTS = YES;
				CLANG_WARN_EMPTY_BODY = YES;
				CLANG_WARN_ENUM_CONVERSION = YES;
				CLANG_WARN_INFINITE_RECURSION = YES;
				CLANG_WARN_INT_CONVERSION = YES;
				CLANG_WARN_NON_LITERAL_NULL_CONVERSION = YES;
				CLANG_WARN_OBJC_LITERAL_CONVERSION = YES;
				CLANG_WARN_OBJC_ROOT_CLASS = YES_ERROR;
				CLANG_WARN_RANGE_LOOP_ANALYSIS = YES;
				CLANG_WARN_STRICT_PROTOTYPES = YES;
				CLANG_WARN_SUSPICIOUS_MOVE = YES;
				CLANG_WARN_UNGUARDED_AVAILABILITY = YES_AGGRESSIVE;
				CLANG_WARN_UNREACHABLE_CODE = YES;
				CLANG_WARN__DUPLICATE_METHOD_MATCH = YES;
				CODE_SIGN_IDENTITY = "iPhone Developer";
				COPY_PHASE_STRIP = NO;
				DEBUG_INFORMATION_FORMAT = "dwarf-with-dsym";
				ENABLE_NS_ASSERTIONS = NO;
				ENABLE_STRICT_OBJC_MSGSEND = YES;
				GCC_C_LANGUAGE_STANDARD = gnu11;
				GCC_NO_COMMON_BLOCKS = YES;
				GCC_WARN_64_TO_32_BIT_CONVERSION = YES;
				GCC_WARN_ABOUT_RETURN_TYPE = YES_ERROR;
				GCC_WARN_UNDECLARED_SELECTOR = YES;
				GCC_WARN_UNINITIALIZED_AUTOS = YES_AGGRESSIVE;
				GCC_WARN_UNUSED_FUNCTION = YES;
				GCC_WARN_UNUSED_VARIABLE = YES;
				IPHONEOS_DEPLOYMENT_TARGET = 11.2;
				MTL_ENABLE_DEBUG_INFO = NO;
				SDKROOT = iphoneos;
				VALIDATE_PRODUCT = YES;
			};
			name = Release;
		};
		198058E42034EFA4003DD86C /* Debug */ = {
			isa = XCBuildConfiguration;
			buildSettings = {
				CLANG_ENABLE_MODULES = YES;
				CODE_SIGN_STYLE = Automatic;
				HEADER_SEARCH_PATHS = "$(SDKROOT)/usr/include/libxml2";
				LD_RUNPATH_SEARCH_PATHS = "$(inherited) @executable_path/Frameworks @loader_path/Frameworks";
				OTHER_LDFLAGS = "-ObjC";
				PRODUCT_NAME = "$(TARGET_NAME)";
				SKIP_INSTALL = YES;
				SWIFT_OBJC_BRIDGING_HEADER = "MixedStaticFramework/MixedStaticFramework-Bridging-Header.h";
				SWIFT_OPTIMIZATION_LEVEL = "-Onone";
				SWIFT_VERSION = 3.0;
				TARGETED_DEVICE_FAMILY = "1,2";
			};
			name = Debug;
		};
		198058E52034EFA4003DD86C /* Release */ = {
			isa = XCBuildConfiguration;
			buildSettings = {
				CLANG_ENABLE_MODULES = YES;
				CODE_SIGN_STYLE = Automatic;
				HEADER_SEARCH_PATHS = "$(SDKROOT)/usr/include/libxml2";
				LD_RUNPATH_SEARCH_PATHS = "$(inherited) @executable_path/Frameworks @loader_path/Frameworks";
				OTHER_LDFLAGS = "-ObjC";
				PRODUCT_NAME = "$(TARGET_NAME)";
				SKIP_INSTALL = YES;
				SWIFT_OBJC_BRIDGING_HEADER = "MixedStaticFramework/MixedStaticFramework-Bridging-Header.h";
				SWIFT_VERSION = 3.0;
				TARGETED_DEVICE_FAMILY = "1,2";
			};
			name = Release;
		};
/* End XCBuildConfiguration section */

/* Begin XCConfigurationList section */
		198058D52034EFA4003DD86C /* Build configuration list for PBXProject "MixedStaticFramework" */ = {
			isa = XCConfigurationList;
			buildConfigurations = (
				198058E12034EFA4003DD86C /* Debug */,
				198058E22034EFA4003DD86C /* Release */,
			);
			defaultConfigurationIsVisible = 0;
			defaultConfigurationName = Release;
		};
		198058E32034EFA4003DD86C /* Build configuration list for PBXNativeTarget "MixedStaticFramework" */ = {
			isa = XCConfigurationList;
			buildConfigurations = (
				198058E42034EFA4003DD86C /* Debug */,
				198058E52034EFA4003DD86C /* Release */,
			);
			defaultConfigurationIsVisible = 0;
			defaultConfigurationName = Release;
		};
/* End XCConfigurationList section */
	};
	rootObject = 198058D22034EFA4003DD86C /* Project object */;
}
