// !$*UTF8*$!
{
	archiveVersion = 1;
	classes = {
	};
	objectVersion = 48;
	objects = {

/* Begin PBXBuildFile section */
		1980590820350ECA003DD86C /* SwiftFile.swift in Sources */ = {isa = PBXBuildFile; fileRef = 1980590420350ECA003DD86C /* SwiftFile.swift */; };
		1980590920350ECA003DD86C /* SwiftFileNoObjC.swift in Sources */ = {isa = PBXBuildFile; fileRef = 1980590620350ECA003DD86C /* SwiftFileNoObjC.swift */; };
		1980590A20350ECA003DD86C /* ObjCFile.m in Sources */ = {isa = PBXBuildFile; fileRef = 1980590720350ECA003DD86C /* ObjCFile.m */; };
		199C608D203615A600B4EC11 /* MAXAdViewAdapter.swift in Sources */ = {isa = PBXBuildFile; fileRef = 199C6026203615A600B4EC11 /* MAXAdViewAdapter.swift */; };
		199C608E203615A600B4EC11 /* MAXInterstitialAdapter.swift in Sources */ = {isa = PBXBuildFile; fileRef = 199C6027203615A600B4EC11 /* MAXInterstitialAdapter.swift */; };
		199C608F203615A600B4EC11 /* MAXTokenProvider.swift in Sources */ = {isa = PBXBuildFile; fileRef = 199C6028203615A600B4EC11 /* MAXTokenProvider.swift */; };
		199C6090203615A600B4EC11 /* MAXAdRequest.swift in Sources */ = {isa = PBXBuildFile; fileRef = 199C602A203615A600B4EC11 /* MAXAdRequest.swift */; };
		199C6091203615A600B4EC11 /* MAXAdRequestManager.swift in Sources */ = {isa = PBXBuildFile; fileRef = 199C602B203615A600B4EC11 /* MAXAdRequestManager.swift */; };
		199C6092203615A600B4EC11 /* MAXAdResponse.swift in Sources */ = {isa = PBXBuildFile; fileRef = 199C602C203615A600B4EC11 /* MAXAdResponse.swift */; };
		199C6093203615A600B4EC11 /* MAXAPIConstants.swift in Sources */ = {isa = PBXBuildFile; fileRef = 199C602D203615A600B4EC11 /* MAXAPIConstants.swift */; };
		199C6094203615A600B4EC11 /* MAXUserAgent.swift in Sources */ = {isa = PBXBuildFile; fileRef = 199C602E203615A600B4EC11 /* MAXUserAgent.swift */; };
		199C6095203615A600B4EC11 /* MaxMRAIDInterstitial.m in Sources */ = {isa = PBXBuildFile; fileRef = 199C6039203615A600B4EC11 /* MaxMRAIDInterstitial.m */; };
		199C6096203615A600B4EC11 /* MaxMRAIDModalViewController.m in Sources */ = {isa = PBXBuildFile; fileRef = 199C603B203615A600B4EC11 /* MaxMRAIDModalViewController.m */; };
		199C6097203615A600B4EC11 /* MaxMRAIDOrientationProperties.m in Sources */ = {isa = PBXBuildFile; fileRef = 199C603D203615A600B4EC11 /* MaxMRAIDOrientationProperties.m */; };
		199C6098203615A600B4EC11 /* MaxMRAIDParser.m in Sources */ = {isa = PBXBuildFile; fileRef = 199C603F203615A600B4EC11 /* MaxMRAIDParser.m */; };
		199C6099203615A600B4EC11 /* MaxMRAIDResizeProperties.m in Sources */ = {isa = PBXBuildFile; fileRef = 199C6041203615A600B4EC11 /* MaxMRAIDResizeProperties.m */; };
		199C609A203615A600B4EC11 /* MaxMRAIDSettings.m in Sources */ = {isa = PBXBuildFile; fileRef = 199C6044203615A600B4EC11 /* MaxMRAIDSettings.m */; };
		199C609B203615A600B4EC11 /* MaxMRAIDUtil.m in Sources */ = {isa = PBXBuildFile; fileRef = 199C6046203615A600B4EC11 /* MaxMRAIDUtil.m */; };
		199C609C203615A600B4EC11 /* MaxMRAIDView.m in Sources */ = {isa = PBXBuildFile; fileRef = 199C6048203615A600B4EC11 /* MaxMRAIDView.m */; };
		199C609D203615A600B4EC11 /* MaxBrowser.m in Sources */ = {isa = PBXBuildFile; fileRef = 199C6052203615A600B4EC11 /* MaxBrowser.m */; };
		199C609E203615A600B4EC11 /* MaxBrowserControlsView.m in Sources */ = {isa = PBXBuildFile; fileRef = 199C6054203615A600B4EC11 /* MaxBrowserControlsView.m */; };
		199C609F203615A600B4EC11 /* MaxReachability.m in Sources */ = {isa = PBXBuildFile; fileRef = 199C605B203615A600B4EC11 /* MaxReachability.m */; };
		199C60A0203615A600B4EC11 /* MaxCommonLogger.m in Sources */ = {isa = PBXBuildFile; fileRef = 199C605E203615A600B4EC11 /* MaxCommonLogger.m */; };
		199C60A1203615A600B4EC11 /* MaxCommonSettings.m in Sources */ = {isa = PBXBuildFile; fileRef = 199C6060203615A600B4EC11 /* MaxCommonSettings.m */; };
		199C60A2203615A600B4EC11 /* MaxVAST2Parser.m in Sources */ = {isa = PBXBuildFile; fileRef = 199C6068203615A600B4EC11 /* MaxVAST2Parser.m */; };
		199C60A3203615A600B4EC11 /* MaxVASTControls.m in Sources */ = {isa = PBXBuildFile; fileRef = 199C606A203615A600B4EC11 /* MaxVASTControls.m */; };
		199C60A4203615A600B4EC11 /* MaxVASTEventProcessor.m in Sources */ = {isa = PBXBuildFile; fileRef = 199C606D203615A600B4EC11 /* MaxVASTEventProcessor.m */; };
		199C60A5203615A600B4EC11 /* MaxVASTMediaFile.m in Sources */ = {isa = PBXBuildFile; fileRef = 199C606F203615A600B4EC11 /* MaxVASTMediaFile.m */; };
		199C60A6203615A600B4EC11 /* MaxVASTMediaFilePicker.m in Sources */ = {isa = PBXBuildFile; fileRef = 199C6071203615A600B4EC11 /* MaxVASTMediaFilePicker.m */; };
		199C60A7203615A600B4EC11 /* MaxVASTModel.m in Sources */ = {isa = PBXBuildFile; fileRef = 199C6073203615A600B4EC11 /* MaxVASTModel.m */; };
		199C60A8203615A600B4EC11 /* MaxVASTSettings.m in Sources */ = {isa = PBXBuildFile; fileRef = 199C6076203615A600B4EC11 /* MaxVASTSettings.m */; };
		199C60A9203615A600B4EC11 /* MaxVASTUrlWithId.m in Sources */ = {isa = PBXBuildFile; fileRef = 199C6078203615A600B4EC11 /* MaxVASTUrlWithId.m */; };
		199C60AA203615A600B4EC11 /* MaxVASTViewController.m in Sources */ = {isa = PBXBuildFile; fileRef = 199C607A203615A600B4EC11 /* MaxVASTViewController.m */; };
		199C60AB203615A600B4EC11 /* MaxVASTXMLUtil.m in Sources */ = {isa = PBXBuildFile; fileRef = 199C607C203615A600B4EC11 /* MaxVASTXMLUtil.m */; };
		199C60AC203615A600B4EC11 /* MAXAds.swift in Sources */ = {isa = PBXBuildFile; fileRef = 199C607F203615A600B4EC11 /* MAXAds.swift */; };
		199C60AD203615A600B4EC11 /* MAXConfiguration.swift in Sources */ = {isa = PBXBuildFile; fileRef = 199C6080203615A600B4EC11 /* MAXConfiguration.swift */; };
		199C60AE203615A600B4EC11 /* MAXLocationProvider.swift in Sources */ = {isa = PBXBuildFile; fileRef = 199C6081203615A600B4EC11 /* MAXLocationProvider.swift */; };
		199C60AF203615A600B4EC11 /* MAXSession.swift in Sources */ = {isa = PBXBuildFile; fileRef = 199C6082203615A600B4EC11 /* MAXSession.swift */; };
		199C60B0203615A600B4EC11 /* MAXConcurrentDictionary.swift in Sources */ = {isa = PBXBuildFile; fileRef = 199C6084203615A600B4EC11 /* MAXConcurrentDictionary.swift */; };
		199C60B1203615A600B4EC11 /* MAXDateFormatter.swift in Sources */ = {isa = PBXBuildFile; fileRef = 199C6085203615A600B4EC11 /* MAXDateFormatter.swift */; };
		199C60B2203615A600B4EC11 /* MAXError.swift in Sources */ = {isa = PBXBuildFile; fileRef = 199C6086203615A600B4EC11 /* MAXError.swift */; };
		199C60B3203615A600B4EC11 /* MAXErrorReporter.swift in Sources */ = {isa = PBXBuildFile; fileRef = 199C6087203615A600B4EC11 /* MAXErrorReporter.swift */; };
		199C60B4203615A600B4EC11 /* MAXLinkHandler.swift in Sources */ = {isa = PBXBuildFile; fileRef = 199C6088203615A600B4EC11 /* MAXLinkHandler.swift */; };
		199C60B5203615A600B4EC11 /* MAXLogger.swift in Sources */ = {isa = PBXBuildFile; fileRef = 199C6089203615A600B4EC11 /* MAXLogger.swift */; };
		199C60B6203615A600B4EC11 /* MAXAdView.swift in Sources */ = {isa = PBXBuildFile; fileRef = 199C608B203615A600B4EC11 /* MAXAdView.swift */; };
		199C60B7203615A600B4EC11 /* MAXInterstitialAd.swift in Sources */ = {isa = PBXBuildFile; fileRef = 199C608C203615A600B4EC11 /* MAXInterstitialAd.swift */; };
/* End PBXBuildFile section */

/* Begin PBXCopyFilesBuildPhase section */
		198058D82034EFA4003DD86C /* CopyFiles */ = {
			isa = PBXCopyFilesBuildPhase;
			buildActionMask = 2147483647;
			dstPath = "include/$(PRODUCT_NAME)";
			dstSubfolderSpec = 16;
			files = (
			);
			runOnlyForDeploymentPostprocessing = 0;
		};
/* End PBXCopyFilesBuildPhase section */

/* Begin PBXFileReference section */
		198058DA2034EFA4003DD86C /* libMixedStaticFramework.a */ = {isa = PBXFileReference; explicitFileType = archive.ar; includeInIndex = 0; path = libMixedStaticFramework.a; sourceTree = BUILT_PRODUCTS_DIR; };
		1980590420350ECA003DD86C /* SwiftFile.swift */ = {isa = PBXFileReference; fileEncoding = 4; lastKnownFileType = sourcecode.swift; path = SwiftFile.swift; sourceTree = "<group>"; };
		1980590520350ECA003DD86C /* ObjCFile.h */ = {isa = PBXFileReference; fileEncoding = 4; lastKnownFileType = sourcecode.c.h; path = ObjCFile.h; sourceTree = "<group>"; };
		1980590620350ECA003DD86C /* SwiftFileNoObjC.swift */ = {isa = PBXFileReference; fileEncoding = 4; lastKnownFileType = sourcecode.swift; path = SwiftFileNoObjC.swift; sourceTree = "<group>"; };
		1980590720350ECA003DD86C /* ObjCFile.m */ = {isa = PBXFileReference; fileEncoding = 4; lastKnownFileType = sourcecode.c.objc; path = ObjCFile.m; sourceTree = "<group>"; };
		1980590B20350EE4003DD86C /* MixedStaticFramework-Bridging-Header.h */ = {isa = PBXFileReference; lastKnownFileType = sourcecode.c.h; path = "MixedStaticFramework-Bridging-Header.h"; sourceTree = "<group>"; };
		199C6026203615A600B4EC11 /* MAXAdViewAdapter.swift */ = {isa = PBXFileReference; fileEncoding = 4; lastKnownFileType = sourcecode.swift; path = MAXAdViewAdapter.swift; sourceTree = "<group>"; };
		199C6027203615A600B4EC11 /* MAXInterstitialAdapter.swift */ = {isa = PBXFileReference; fileEncoding = 4; lastKnownFileType = sourcecode.swift; path = MAXInterstitialAdapter.swift; sourceTree = "<group>"; };
		199C6028203615A600B4EC11 /* MAXTokenProvider.swift */ = {isa = PBXFileReference; fileEncoding = 4; lastKnownFileType = sourcecode.swift; path = MAXTokenProvider.swift; sourceTree = "<group>"; };
		199C602A203615A600B4EC11 /* MAXAdRequest.swift */ = {isa = PBXFileReference; fileEncoding = 4; lastKnownFileType = sourcecode.swift; path = MAXAdRequest.swift; sourceTree = "<group>"; };
		199C602B203615A600B4EC11 /* MAXAdRequestManager.swift */ = {isa = PBXFileReference; fileEncoding = 4; lastKnownFileType = sourcecode.swift; path = MAXAdRequestManager.swift; sourceTree = "<group>"; };
		199C602C203615A600B4EC11 /* MAXAdResponse.swift */ = {isa = PBXFileReference; fileEncoding = 4; lastKnownFileType = sourcecode.swift; path = MAXAdResponse.swift; sourceTree = "<group>"; };
		199C602D203615A600B4EC11 /* MAXAPIConstants.swift */ = {isa = PBXFileReference; fileEncoding = 4; lastKnownFileType = sourcecode.swift; path = MAXAPIConstants.swift; sourceTree = "<group>"; };
		199C602E203615A600B4EC11 /* MAXUserAgent.swift */ = {isa = PBXFileReference; fileEncoding = 4; lastKnownFileType = sourcecode.swift; path = MAXUserAgent.swift; sourceTree = "<group>"; };
		199C6031203615A600B4EC11 /* LICENSE */ = {isa = PBXFileReference; fileEncoding = 4; lastKnownFileType = text; path = LICENSE; sourceTree = "<group>"; };
		199C6032203615A600B4EC11 /* README.md */ = {isa = PBXFileReference; fileEncoding = 4; lastKnownFileType = net.daringfireball.markdown; path = README.md; sourceTree = "<group>"; };
		199C6034203615A600B4EC11 /* CloseButton.png */ = {isa = PBXFileReference; lastKnownFileType = image.png; path = CloseButton.png; sourceTree = "<group>"; };
		199C6035203615A600B4EC11 /* mraid.js */ = {isa = PBXFileReference; fileEncoding = 4; lastKnownFileType = sourcecode.javascript; path = mraid.js; sourceTree = "<group>"; };
		199C6037203615A600B4EC11 /* max_mraidjs.h */ = {isa = PBXFileReference; fileEncoding = 4; lastKnownFileType = sourcecode.c.h; path = max_mraidjs.h; sourceTree = "<group>"; };
		199C6038203615A600B4EC11 /* MaxMRAIDInterstitial.h */ = {isa = PBXFileReference; fileEncoding = 4; lastKnownFileType = sourcecode.c.h; path = MaxMRAIDInterstitial.h; sourceTree = "<group>"; };
		199C6039203615A600B4EC11 /* MaxMRAIDInterstitial.m */ = {isa = PBXFileReference; fileEncoding = 4; lastKnownFileType = sourcecode.c.objc; path = MaxMRAIDInterstitial.m; sourceTree = "<group>"; };
		199C603A203615A600B4EC11 /* MaxMRAIDModalViewController.h */ = {isa = PBXFileReference; fileEncoding = 4; lastKnownFileType = sourcecode.c.h; path = MaxMRAIDModalViewController.h; sourceTree = "<group>"; };
		199C603B203615A600B4EC11 /* MaxMRAIDModalViewController.m */ = {isa = PBXFileReference; fileEncoding = 4; lastKnownFileType = sourcecode.c.objc; path = MaxMRAIDModalViewController.m; sourceTree = "<group>"; };
		199C603C203615A600B4EC11 /* MaxMRAIDOrientationProperties.h */ = {isa = PBXFileReference; fileEncoding = 4; lastKnownFileType = sourcecode.c.h; path = MaxMRAIDOrientationProperties.h; sourceTree = "<group>"; };
		199C603D203615A600B4EC11 /* MaxMRAIDOrientationProperties.m */ = {isa = PBXFileReference; fileEncoding = 4; lastKnownFileType = sourcecode.c.objc; path = MaxMRAIDOrientationProperties.m; sourceTree = "<group>"; };
		199C603E203615A600B4EC11 /* MaxMRAIDParser.h */ = {isa = PBXFileReference; fileEncoding = 4; lastKnownFileType = sourcecode.c.h; path = MaxMRAIDParser.h; sourceTree = "<group>"; };
		199C603F203615A600B4EC11 /* MaxMRAIDParser.m */ = {isa = PBXFileReference; fileEncoding = 4; lastKnownFileType = sourcecode.c.objc; path = MaxMRAIDParser.m; sourceTree = "<group>"; };
		199C6040203615A600B4EC11 /* MaxMRAIDResizeProperties.h */ = {isa = PBXFileReference; fileEncoding = 4; lastKnownFileType = sourcecode.c.h; path = MaxMRAIDResizeProperties.h; sourceTree = "<group>"; };
		199C6041203615A600B4EC11 /* MaxMRAIDResizeProperties.m */ = {isa = PBXFileReference; fileEncoding = 4; lastKnownFileType = sourcecode.c.objc; path = MaxMRAIDResizeProperties.m; sourceTree = "<group>"; };
		199C6042203615A600B4EC11 /* MaxMRAIDServiceDelegate.h */ = {isa = PBXFileReference; fileEncoding = 4; lastKnownFileType = sourcecode.c.h; path = MaxMRAIDServiceDelegate.h; sourceTree = "<group>"; };
		199C6043203615A600B4EC11 /* MaxMRAIDSettings.h */ = {isa = PBXFileReference; fileEncoding = 4; lastKnownFileType = sourcecode.c.h; path = MaxMRAIDSettings.h; sourceTree = "<group>"; };
		199C6044203615A600B4EC11 /* MaxMRAIDSettings.m */ = {isa = PBXFileReference; fileEncoding = 4; lastKnownFileType = sourcecode.c.objc; path = MaxMRAIDSettings.m; sourceTree = "<group>"; };
		199C6045203615A600B4EC11 /* MaxMRAIDUtil.h */ = {isa = PBXFileReference; fileEncoding = 4; lastKnownFileType = sourcecode.c.h; path = MaxMRAIDUtil.h; sourceTree = "<group>"; };
		199C6046203615A600B4EC11 /* MaxMRAIDUtil.m */ = {isa = PBXFileReference; fileEncoding = 4; lastKnownFileType = sourcecode.c.objc; path = MaxMRAIDUtil.m; sourceTree = "<group>"; };
		199C6047203615A600B4EC11 /* MaxMRAIDView.h */ = {isa = PBXFileReference; fileEncoding = 4; lastKnownFileType = sourcecode.c.h; path = MaxMRAIDView.h; sourceTree = "<group>"; };
		199C6048203615A600B4EC11 /* MaxMRAIDView.m */ = {isa = PBXFileReference; fileEncoding = 4; lastKnownFileType = sourcecode.c.objc; path = MaxMRAIDView.m; sourceTree = "<group>"; };
		199C604A203615A600B4EC11 /* LICENSE */ = {isa = PBXFileReference; fileEncoding = 4; lastKnownFileType = text; path = LICENSE; sourceTree = "<group>"; };
		199C604B203615A600B4EC11 /* README.md */ = {isa = PBXFileReference; fileEncoding = 4; lastKnownFileType = net.daringfireball.markdown; path = README.md; sourceTree = "<group>"; };
		199C604D203615A600B4EC11 /* BackButton.png */ = {isa = PBXFileReference; lastKnownFileType = image.png; path = BackButton.png; sourceTree = "<group>"; };
		199C604E203615A600B4EC11 /* ForwardButton.png */ = {isa = PBXFileReference; lastKnownFileType = image.png; path = ForwardButton.png; sourceTree = "<group>"; };
		199C6051203615A600B4EC11 /* MaxBrowser.h */ = {isa = PBXFileReference; fileEncoding = 4; lastKnownFileType = sourcecode.c.h; path = MaxBrowser.h; sourceTree = "<group>"; };
		199C6052203615A600B4EC11 /* MaxBrowser.m */ = {isa = PBXFileReference; fileEncoding = 4; lastKnownFileType = sourcecode.c.objc; path = MaxBrowser.m; sourceTree = "<group>"; };
		199C6053203615A600B4EC11 /* MaxBrowserControlsView.h */ = {isa = PBXFileReference; fileEncoding = 4; lastKnownFileType = sourcecode.c.h; path = MaxBrowserControlsView.h; sourceTree = "<group>"; };
		199C6054203615A600B4EC11 /* MaxBrowserControlsView.m */ = {isa = PBXFileReference; fileEncoding = 4; lastKnownFileType = sourcecode.c.objc; path = MaxBrowserControlsView.m; sourceTree = "<group>"; };
		199C6055203615A600B4EC11 /* MaxCommonBackButton.h */ = {isa = PBXFileReference; fileEncoding = 4; lastKnownFileType = sourcecode.c.h; path = MaxCommonBackButton.h; sourceTree = "<group>"; };
		199C6056203615A600B4EC11 /* MaxCommonCloseButton.h */ = {isa = PBXFileReference; fileEncoding = 4; lastKnownFileType = sourcecode.c.h; path = MaxCommonCloseButton.h; sourceTree = "<group>"; };
		199C6057203615A600B4EC11 /* MaxForwardButton.h */ = {isa = PBXFileReference; fileEncoding = 4; lastKnownFileType = sourcecode.c.h; path = MaxForwardButton.h; sourceTree = "<group>"; };
		199C605A203615A600B4EC11 /* MaxReachability.h */ = {isa = PBXFileReference; fileEncoding = 4; lastKnownFileType = sourcecode.c.h; path = MaxReachability.h; sourceTree = "<group>"; };
		199C605B203615A600B4EC11 /* MaxReachability.m */ = {isa = PBXFileReference; fileEncoding = 4; lastKnownFileType = sourcecode.c.objc; path = MaxReachability.m; sourceTree = "<group>"; };
		199C605D203615A600B4EC11 /* MaxCommonLogger.h */ = {isa = PBXFileReference; fileEncoding = 4; lastKnownFileType = sourcecode.c.h; path = MaxCommonLogger.h; sourceTree = "<group>"; };
		199C605E203615A600B4EC11 /* MaxCommonLogger.m */ = {isa = PBXFileReference; fileEncoding = 4; lastKnownFileType = sourcecode.c.objc; path = MaxCommonLogger.m; sourceTree = "<group>"; };
		199C605F203615A600B4EC11 /* MaxCommonSettings.h */ = {isa = PBXFileReference; fileEncoding = 4; lastKnownFileType = sourcecode.c.h; path = MaxCommonSettings.h; sourceTree = "<group>"; };
		199C6060203615A600B4EC11 /* MaxCommonSettings.m */ = {isa = PBXFileReference; fileEncoding = 4; lastKnownFileType = sourcecode.c.objc; path = MaxCommonSettings.m; sourceTree = "<group>"; };
		199C6062203615A600B4EC11 /* LICENSE */ = {isa = PBXFileReference; fileEncoding = 4; lastKnownFileType = text; path = LICENSE; sourceTree = "<group>"; };
		199C6063203615A600B4EC11 /* README.md */ = {isa = PBXFileReference; fileEncoding = 4; lastKnownFileType = net.daringfireball.markdown; path = README.md; sourceTree = "<group>"; };
		199C6065203615A600B4EC11 /* vast_2.0.1.xsd */ = {isa = PBXFileReference; fileEncoding = 4; lastKnownFileType = text.xml; path = vast_2.0.1.xsd; sourceTree = "<group>"; };
		199C6067203615A600B4EC11 /* MaxVAST2Parser.h */ = {isa = PBXFileReference; fileEncoding = 4; lastKnownFileType = sourcecode.c.h; path = MaxVAST2Parser.h; sourceTree = "<group>"; };
		199C6068203615A600B4EC11 /* MaxVAST2Parser.m */ = {isa = PBXFileReference; fileEncoding = 4; lastKnownFileType = sourcecode.c.objc; path = MaxVAST2Parser.m; sourceTree = "<group>"; };
		199C6069203615A600B4EC11 /* MaxVASTControls.h */ = {isa = PBXFileReference; fileEncoding = 4; lastKnownFileType = sourcecode.c.h; path = MaxVASTControls.h; sourceTree = "<group>"; };
		199C606A203615A600B4EC11 /* MaxVASTControls.m */ = {isa = PBXFileReference; fileEncoding = 4; lastKnownFileType = sourcecode.c.objc; path = MaxVASTControls.m; sourceTree = "<group>"; };
		199C606B203615A600B4EC11 /* MaxVASTError.h */ = {isa = PBXFileReference; fileEncoding = 4; lastKnownFileType = sourcecode.c.h; path = MaxVASTError.h; sourceTree = "<group>"; };
		199C606C203615A600B4EC11 /* MaxVASTEventProcessor.h */ = {isa = PBXFileReference; fileEncoding = 4; lastKnownFileType = sourcecode.c.h; path = MaxVASTEventProcessor.h; sourceTree = "<group>"; };
		199C606D203615A600B4EC11 /* MaxVASTEventProcessor.m */ = {isa = PBXFileReference; fileEncoding = 4; lastKnownFileType = sourcecode.c.objc; path = MaxVASTEventProcessor.m; sourceTree = "<group>"; };
		199C606E203615A600B4EC11 /* MaxVASTMediaFile.h */ = {isa = PBXFileReference; fileEncoding = 4; lastKnownFileType = sourcecode.c.h; path = MaxVASTMediaFile.h; sourceTree = "<group>"; };
		199C606F203615A600B4EC11 /* MaxVASTMediaFile.m */ = {isa = PBXFileReference; fileEncoding = 4; lastKnownFileType = sourcecode.c.objc; path = MaxVASTMediaFile.m; sourceTree = "<group>"; };
		199C6070203615A600B4EC11 /* MaxVASTMediaFilePicker.h */ = {isa = PBXFileReference; fileEncoding = 4; lastKnownFileType = sourcecode.c.h; path = MaxVASTMediaFilePicker.h; sourceTree = "<group>"; };
		199C6071203615A600B4EC11 /* MaxVASTMediaFilePicker.m */ = {isa = PBXFileReference; fileEncoding = 4; lastKnownFileType = sourcecode.c.objc; path = MaxVASTMediaFilePicker.m; sourceTree = "<group>"; };
		199C6072203615A600B4EC11 /* MaxVASTModel.h */ = {isa = PBXFileReference; fileEncoding = 4; lastKnownFileType = sourcecode.c.h; path = MaxVASTModel.h; sourceTree = "<group>"; };
		199C6073203615A600B4EC11 /* MaxVASTModel.m */ = {isa = PBXFileReference; fileEncoding = 4; lastKnownFileType = sourcecode.c.objc; path = MaxVASTModel.m; sourceTree = "<group>"; };
		199C6074203615A600B4EC11 /* MaxVASTSchema.h */ = {isa = PBXFileReference; fileEncoding = 4; lastKnownFileType = sourcecode.c.h; path = MaxVASTSchema.h; sourceTree = "<group>"; };
		199C6075203615A600B4EC11 /* MaxVASTSettings.h */ = {isa = PBXFileReference; fileEncoding = 4; lastKnownFileType = sourcecode.c.h; path = MaxVASTSettings.h; sourceTree = "<group>"; };
		199C6076203615A600B4EC11 /* MaxVASTSettings.m */ = {isa = PBXFileReference; fileEncoding = 4; lastKnownFileType = sourcecode.c.objc; path = MaxVASTSettings.m; sourceTree = "<group>"; };
		199C6077203615A600B4EC11 /* MaxVASTUrlWithId.h */ = {isa = PBXFileReference; fileEncoding = 4; lastKnownFileType = sourcecode.c.h; path = MaxVASTUrlWithId.h; sourceTree = "<group>"; };
		199C6078203615A600B4EC11 /* MaxVASTUrlWithId.m */ = {isa = PBXFileReference; fileEncoding = 4; lastKnownFileType = sourcecode.c.objc; path = MaxVASTUrlWithId.m; sourceTree = "<group>"; };
		199C6079203615A600B4EC11 /* MaxVASTViewController.h */ = {isa = PBXFileReference; fileEncoding = 4; lastKnownFileType = sourcecode.c.h; path = MaxVASTViewController.h; sourceTree = "<group>"; };
		199C607A203615A600B4EC11 /* MaxVASTViewController.m */ = {isa = PBXFileReference; fileEncoding = 4; lastKnownFileType = sourcecode.c.objc; path = MaxVASTViewController.m; sourceTree = "<group>"; };
		199C607B203615A600B4EC11 /* MaxVASTXMLUtil.h */ = {isa = PBXFileReference; fileEncoding = 4; lastKnownFileType = sourcecode.c.h; path = MaxVASTXMLUtil.h; sourceTree = "<group>"; };
		199C607C203615A600B4EC11 /* MaxVASTXMLUtil.m */ = {isa = PBXFileReference; fileEncoding = 4; lastKnownFileType = sourcecode.c.objc; path = MaxVASTXMLUtil.m; sourceTree = "<group>"; };
		199C607D203615A600B4EC11 /* MAX-Bridging-Header.h */ = {isa = PBXFileReference; fileEncoding = 4; lastKnownFileType = sourcecode.c.h; path = "MAX-Bridging-Header.h"; sourceTree = "<group>"; };
		199C607E203615A600B4EC11 /* MAX.h */ = {isa = PBXFileReference; fileEncoding = 4; lastKnownFileType = sourcecode.c.h; path = MAX.h; sourceTree = "<group>"; };
		199C607F203615A600B4EC11 /* MAXAds.swift */ = {isa = PBXFileReference; fileEncoding = 4; lastKnownFileType = sourcecode.swift; path = MAXAds.swift; sourceTree = "<group>"; };
		199C6080203615A600B4EC11 /* MAXConfiguration.swift */ = {isa = PBXFileReference; fileEncoding = 4; lastKnownFileType = sourcecode.swift; path = MAXConfiguration.swift; sourceTree = "<group>"; };
		199C6081203615A600B4EC11 /* MAXLocationProvider.swift */ = {isa = PBXFileReference; fileEncoding = 4; lastKnownFileType = sourcecode.swift; path = MAXLocationProvider.swift; sourceTree = "<group>"; };
		199C6082203615A600B4EC11 /* MAXSession.swift */ = {isa = PBXFileReference; fileEncoding = 4; lastKnownFileType = sourcecode.swift; path = MAXSession.swift; sourceTree = "<group>"; };
		199C6084203615A600B4EC11 /* MAXConcurrentDictionary.swift */ = {isa = PBXFileReference; fileEncoding = 4; lastKnownFileType = sourcecode.swift; path = MAXConcurrentDictionary.swift; sourceTree = "<group>"; };
		199C6085203615A600B4EC11 /* MAXDateFormatter.swift */ = {isa = PBXFileReference; fileEncoding = 4; lastKnownFileType = sourcecode.swift; path = MAXDateFormatter.swift; sourceTree = "<group>"; };
		199C6086203615A600B4EC11 /* MAXError.swift */ = {isa = PBXFileReference; fileEncoding = 4; lastKnownFileType = sourcecode.swift; path = MAXError.swift; sourceTree = "<group>"; };
		199C6087203615A600B4EC11 /* MAXErrorReporter.swift */ = {isa = PBXFileReference; fileEncoding = 4; lastKnownFileType = sourcecode.swift; path = MAXErrorReporter.swift; sourceTree = "<group>"; };
		199C6088203615A600B4EC11 /* MAXLinkHandler.swift */ = {isa = PBXFileReference; fileEncoding = 4; lastKnownFileType = sourcecode.swift; path = MAXLinkHandler.swift; sourceTree = "<group>"; };
		199C6089203615A600B4EC11 /* MAXLogger.swift */ = {isa = PBXFileReference; fileEncoding = 4; lastKnownFileType = sourcecode.swift; path = MAXLogger.swift; sourceTree = "<group>"; };
		199C608B203615A600B4EC11 /* MAXAdView.swift */ = {isa = PBXFileReference; fileEncoding = 4; lastKnownFileType = sourcecode.swift; path = MAXAdView.swift; sourceTree = "<group>"; };
		199C608C203615A600B4EC11 /* MAXInterstitialAd.swift */ = {isa = PBXFileReference; fileEncoding = 4; lastKnownFileType = sourcecode.swift; path = MAXInterstitialAd.swift; sourceTree = "<group>"; };
		199C60B9203616B000B4EC11 /* libxml2.tbd */ = {isa = PBXFileReference; lastKnownFileType = "sourcecode.text-based-dylib-definition"; name = libxml2.tbd; path = usr/lib/libxml2.tbd; sourceTree = SDKROOT; };
/* End PBXFileReference section */

/* Begin PBXFrameworksBuildPhase section */
		198058D72034EFA4003DD86C /* Frameworks */ = {
			isa = PBXFrameworksBuildPhase;
			buildActionMask = 2147483647;
			files = (
			);
			runOnlyForDeploymentPostprocessing = 0;
		};
/* End PBXFrameworksBuildPhase section */

/* Begin PBXGroup section */
		198058D12034EFA4003DD86C = {
			isa = PBXGroup;
			children = (
				198058DC2034EFA4003DD86C /* MixedStaticFramework */,
				198058DB2034EFA4003DD86C /* Products */,
				199C60B8203616B000B4EC11 /* Frameworks */,
			);
			sourceTree = "<group>";
		};
		198058DB2034EFA4003DD86C /* Products */ = {
			isa = PBXGroup;
			children = (
				198058DA2034EFA4003DD86C /* libMixedStaticFramework.a */,
			);
			name = Products;
			sourceTree = "<group>";
		};
		198058DC2034EFA4003DD86C /* MixedStaticFramework */ = {
			isa = PBXGroup;
			children = (
				199C6024203615A600B4EC11 /* Core */,
				1980590520350ECA003DD86C /* ObjCFile.h */,
				199C6047203615A600B4EC11 /* MaxMRAIDView.h */,
				199C6048203615A600B4EC11 /* MaxMRAIDView.m */,
				1980590720350ECA003DD86C /* ObjCFile.m */,
				1980590420350ECA003DD86C /* SwiftFile.swift */,
				1980590620350ECA003DD86C /* SwiftFileNoObjC.swift */,
				1980590B20350EE4003DD86C /* MixedStaticFramework-Bridging-Header.h */,
			);
			path = MixedStaticFramework;
			sourceTree = "<group>";
		};
		199C6024203615A600B4EC11 /* Core */ = {
			isa = PBXGroup;
			children = (
				199C6025203615A600B4EC11 /* Adapters */,
				199C6029203615A600B4EC11 /* API */,
				199C602F203615A600B4EC11 /* Base */,
				199C607D203615A600B4EC11 /* MAX-Bridging-Header.h */,
				199C607E203615A600B4EC11 /* MAX.h */,
				199C607F203615A600B4EC11 /* MAXAds.swift */,
				199C6080203615A600B4EC11 /* MAXConfiguration.swift */,
				199C6081203615A600B4EC11 /* MAXLocationProvider.swift */,
				199C6082203615A600B4EC11 /* MAXSession.swift */,
				199C6083203615A600B4EC11 /* Utility */,
				199C608A203615A600B4EC11 /* View */,
			);
			path = Core;
			sourceTree = "<group>";
		};
		199C6025203615A600B4EC11 /* Adapters */ = {
			isa = PBXGroup;
			children = (
				199C6026203615A600B4EC11 /* MAXAdViewAdapter.swift */,
				199C6027203615A600B4EC11 /* MAXInterstitialAdapter.swift */,
				199C6028203615A600B4EC11 /* MAXTokenProvider.swift */,
			);
			path = Adapters;
			sourceTree = "<group>";
		};
		199C6029203615A600B4EC11 /* API */ = {
			isa = PBXGroup;
			children = (
				199C602A203615A600B4EC11 /* MAXAdRequest.swift */,
				199C602B203615A600B4EC11 /* MAXAdRequestManager.swift */,
				199C602C203615A600B4EC11 /* MAXAdResponse.swift */,
				199C602D203615A600B4EC11 /* MAXAPIConstants.swift */,
				199C602E203615A600B4EC11 /* MAXUserAgent.swift */,
			);
			path = API;
			sourceTree = "<group>";
		};
		199C602F203615A600B4EC11 /* Base */ = {
			isa = PBXGroup;
			children = (
				199C6030203615A600B4EC11 /* MRAID */,
				199C6049203615A600B4EC11 /* SourceKitCommon */,
				199C6061203615A600B4EC11 /* VAST */,
			);
			path = Base;
			sourceTree = "<group>";
		};
		199C6030203615A600B4EC11 /* MRAID */ = {
			isa = PBXGroup;
			children = (
				199C6031203615A600B4EC11 /* LICENSE */,
				199C6032203615A600B4EC11 /* README.md */,
				199C6033203615A600B4EC11 /* res */,
				199C6036203615A600B4EC11 /* src */,
			);
			path = MRAID;
			sourceTree = "<group>";
		};
		199C6033203615A600B4EC11 /* res */ = {
			isa = PBXGroup;
			children = (
				199C6034203615A600B4EC11 /* CloseButton.png */,
				199C6035203615A600B4EC11 /* mraid.js */,
			);
			path = res;
			sourceTree = "<group>";
		};
		199C6036203615A600B4EC11 /* src */ = {
			isa = PBXGroup;
			children = (
				199C6037203615A600B4EC11 /* max_mraidjs.h */,
				199C6038203615A600B4EC11 /* MaxMRAIDInterstitial.h */,
				199C6039203615A600B4EC11 /* MaxMRAIDInterstitial.m */,
				199C603A203615A600B4EC11 /* MaxMRAIDModalViewController.h */,
				199C603B203615A600B4EC11 /* MaxMRAIDModalViewController.m */,
				199C603C203615A600B4EC11 /* MaxMRAIDOrientationProperties.h */,
				199C603D203615A600B4EC11 /* MaxMRAIDOrientationProperties.m */,
				199C603E203615A600B4EC11 /* MaxMRAIDParser.h */,
				199C603F203615A600B4EC11 /* MaxMRAIDParser.m */,
				199C6040203615A600B4EC11 /* MaxMRAIDResizeProperties.h */,
				199C6041203615A600B4EC11 /* MaxMRAIDResizeProperties.m */,
				199C6042203615A600B4EC11 /* MaxMRAIDServiceDelegate.h */,
				199C6043203615A600B4EC11 /* MaxMRAIDSettings.h */,
				199C6044203615A600B4EC11 /* MaxMRAIDSettings.m */,
				199C6045203615A600B4EC11 /* MaxMRAIDUtil.h */,
				199C6046203615A600B4EC11 /* MaxMRAIDUtil.m */,
			);
			path = src;
			sourceTree = "<group>";
		};
		199C6049203615A600B4EC11 /* SourceKitCommon */ = {
			isa = PBXGroup;
			children = (
				199C604A203615A600B4EC11 /* LICENSE */,
				199C604B203615A600B4EC11 /* README.md */,
				199C604C203615A600B4EC11 /* res */,
				199C604F203615A600B4EC11 /* src */,
			);
			path = SourceKitCommon;
			sourceTree = "<group>";
		};
		199C604C203615A600B4EC11 /* res */ = {
			isa = PBXGroup;
			children = (
				199C604D203615A600B4EC11 /* BackButton.png */,
				199C604E203615A600B4EC11 /* ForwardButton.png */,
			);
			path = res;
			sourceTree = "<group>";
		};
		199C604F203615A600B4EC11 /* src */ = {
			isa = PBXGroup;
			children = (
				199C6050203615A600B4EC11 /* Browser */,
				199C6058203615A600B4EC11 /* External */,
				199C605C203615A600B4EC11 /* Logger */,
				199C605F203615A600B4EC11 /* MaxCommonSettings.h */,
				199C6060203615A600B4EC11 /* MaxCommonSettings.m */,
			);
			path = src;
			sourceTree = "<group>";
		};
		199C6050203615A600B4EC11 /* Browser */ = {
			isa = PBXGroup;
			children = (
				199C6051203615A600B4EC11 /* MaxBrowser.h */,
				199C6052203615A600B4EC11 /* MaxBrowser.m */,
				199C6053203615A600B4EC11 /* MaxBrowserControlsView.h */,
				199C6054203615A600B4EC11 /* MaxBrowserControlsView.m */,
				199C6055203615A600B4EC11 /* MaxCommonBackButton.h */,
				199C6056203615A600B4EC11 /* MaxCommonCloseButton.h */,
				199C6057203615A600B4EC11 /* MaxForwardButton.h */,
			);
			path = Browser;
			sourceTree = "<group>";
		};
		199C6058203615A600B4EC11 /* External */ = {
			isa = PBXGroup;
			children = (
				199C6059203615A600B4EC11 /* Reachability */,
			);
			path = External;
			sourceTree = "<group>";
		};
		199C6059203615A600B4EC11 /* Reachability */ = {
			isa = PBXGroup;
			children = (
				199C605A203615A600B4EC11 /* MaxReachability.h */,
				199C605B203615A600B4EC11 /* MaxReachability.m */,
			);
			path = Reachability;
			sourceTree = "<group>";
		};
		199C605C203615A600B4EC11 /* Logger */ = {
			isa = PBXGroup;
			children = (
				199C605D203615A600B4EC11 /* MaxCommonLogger.h */,
				199C605E203615A600B4EC11 /* MaxCommonLogger.m */,
			);
			path = Logger;
			sourceTree = "<group>";
		};
		199C6061203615A600B4EC11 /* VAST */ = {
			isa = PBXGroup;
			children = (
				199C6062203615A600B4EC11 /* LICENSE */,
				199C6063203615A600B4EC11 /* README.md */,
				199C6064203615A600B4EC11 /* res */,
				199C6066203615A600B4EC11 /* src */,
			);
			path = VAST;
			sourceTree = "<group>";
		};
		199C6064203615A600B4EC11 /* res */ = {
			isa = PBXGroup;
			children = (
				199C6065203615A600B4EC11 /* vast_2.0.1.xsd */,
			);
			path = res;
			sourceTree = "<group>";
		};
		199C6066203615A600B4EC11 /* src */ = {
			isa = PBXGroup;
			children = (
				199C6067203615A600B4EC11 /* MaxVAST2Parser.h */,
				199C6068203615A600B4EC11 /* MaxVAST2Parser.m */,
				199C6069203615A600B4EC11 /* MaxVASTControls.h */,
				199C606A203615A600B4EC11 /* MaxVASTControls.m */,
				199C606B203615A600B4EC11 /* MaxVASTError.h */,
				199C606C203615A600B4EC11 /* MaxVASTEventProcessor.h */,
				199C606D203615A600B4EC11 /* MaxVASTEventProcessor.m */,
				199C606E203615A600B4EC11 /* MaxVASTMediaFile.h */,
				199C606F203615A600B4EC11 /* MaxVASTMediaFile.m */,
				199C6070203615A600B4EC11 /* MaxVASTMediaFilePicker.h */,
				199C6071203615A600B4EC11 /* MaxVASTMediaFilePicker.m */,
				199C6072203615A600B4EC11 /* MaxVASTModel.h */,
				199C6073203615A600B4EC11 /* MaxVASTModel.m */,
				199C6074203615A600B4EC11 /* MaxVASTSchema.h */,
				199C6075203615A600B4EC11 /* MaxVASTSettings.h */,
				199C6076203615A600B4EC11 /* MaxVASTSettings.m */,
				199C6077203615A600B4EC11 /* MaxVASTUrlWithId.h */,
				199C6078203615A600B4EC11 /* MaxVASTUrlWithId.m */,
				199C6079203615A600B4EC11 /* MaxVASTViewController.h */,
				199C607A203615A600B4EC11 /* MaxVASTViewController.m */,
				199C607B203615A600B4EC11 /* MaxVASTXMLUtil.h */,
				199C607C203615A600B4EC11 /* MaxVASTXMLUtil.m */,
			);
			path = src;
			sourceTree = "<group>";
		};
		199C6083203615A600B4EC11 /* Utility */ = {
			isa = PBXGroup;
			children = (
				199C6084203615A600B4EC11 /* MAXConcurrentDictionary.swift */,
				199C6085203615A600B4EC11 /* MAXDateFormatter.swift */,
				199C6086203615A600B4EC11 /* MAXError.swift */,
				199C6087203615A600B4EC11 /* MAXErrorReporter.swift */,
				199C6088203615A600B4EC11 /* MAXLinkHandler.swift */,
				199C6089203615A600B4EC11 /* MAXLogger.swift */,
			);
			path = Utility;
			sourceTree = "<group>";
		};
		199C608A203615A600B4EC11 /* View */ = {
			isa = PBXGroup;
			children = (
				199C608B203615A600B4EC11 /* MAXAdView.swift */,
				199C608C203615A600B4EC11 /* MAXInterstitialAd.swift */,
			);
			path = View;
			sourceTree = "<group>";
		};
		199C60B8203616B000B4EC11 /* Frameworks */ = {
			isa = PBXGroup;
			children = (
				199C60B9203616B000B4EC11 /* libxml2.tbd */,
			);
			name = Frameworks;
			sourceTree = "<group>";
		};
/* End PBXGroup section */

/* Begin PBXNativeTarget section */
		198058D92034EFA4003DD86C /* MixedStaticFramework */ = {
			isa = PBXNativeTarget;
			buildConfigurationList = 198058E32034EFA4003DD86C /* Build configuration list for PBXNativeTarget "MixedStaticFramework" */;
			buildPhases = (
				198058D62034EFA4003DD86C /* Sources */,
				198058D72034EFA4003DD86C /* Frameworks */,
				198058D82034EFA4003DD86C /* CopyFiles */,
			);
			buildRules = (
			);
			dependencies = (
			);
			name = MixedStaticFramework;
			productName = MixedStaticFramework;
			productReference = 198058DA2034EFA4003DD86C /* libMixedStaticFramework.a */;
			productType = "com.apple.product-type.library.static";
		};
/* End PBXNativeTarget section */

/* Begin PBXProject section */
		198058D22034EFA4003DD86C /* Project object */ = {
			isa = PBXProject;
			attributes = {
				LastUpgradeCheck = 0920;
				ORGANIZATIONNAME = "Bryan Boyko";
				TargetAttributes = {
					198058D92034EFA4003DD86C = {
						CreatedOnToolsVersion = 9.2;
						LastSwiftMigration = 0920;
						ProvisioningStyle = Automatic;
					};
				};
			};
			buildConfigurationList = 198058D52034EFA4003DD86C /* Build configuration list for PBXProject "MixedStaticFramework" */;
			compatibilityVersion = "Xcode 8.0";
			developmentRegion = en;
			hasScannedForEncodings = 0;
			knownRegions = (
				en,
			);
			mainGroup = 198058D12034EFA4003DD86C;
			productRefGroup = 198058DB2034EFA4003DD86C /* Products */;
			projectDirPath = "";
			projectRoot = "";
			targets = (
				198058D92034EFA4003DD86C /* MixedStaticFramework */,
			);
		};
/* End PBXProject section */

/* Begin PBXSourcesBuildPhase section */
		198058D62034EFA4003DD86C /* Sources */ = {
			isa = PBXSourcesBuildPhase;
			buildActionMask = 2147483647;
			files = (
				199C6098203615A600B4EC11 /* MaxMRAIDParser.m in Sources */,
				199C60A2203615A600B4EC11 /* MaxVAST2Parser.m in Sources */,
				199C6095203615A600B4EC11 /* MaxMRAIDInterstitial.m in Sources */,
				199C6092203615A600B4EC11 /* MAXAdResponse.swift in Sources */,
				199C608D203615A600B4EC11 /* MAXAdViewAdapter.swift in Sources */,
				199C609B203615A600B4EC11 /* MaxMRAIDUtil.m in Sources */,
				199C608F203615A600B4EC11 /* MAXTokenProvider.swift in Sources */,
				199C60AE203615A600B4EC11 /* MAXLocationProvider.swift in Sources */,
				199C60B4203615A600B4EC11 /* MAXLinkHandler.swift in Sources */,
				1980590920350ECA003DD86C /* SwiftFileNoObjC.swift in Sources */,
				199C609F203615A600B4EC11 /* MaxReachability.m in Sources */,
				199C60B0203615A600B4EC11 /* MAXConcurrentDictionary.swift in Sources */,
				199C60B5203615A600B4EC11 /* MAXLogger.swift in Sources */,
				199C6091203615A600B4EC11 /* MAXAdRequestManager.swift in Sources */,
				199C60AB203615A600B4EC11 /* MaxVASTXMLUtil.m in Sources */,
				199C60A8203615A600B4EC11 /* MaxVASTSettings.m in Sources */,
				199C60AA203615A600B4EC11 /* MaxVASTViewController.m in Sources */,
				199C60B7203615A600B4EC11 /* MAXInterstitialAd.swift in Sources */,
				199C60A0203615A600B4EC11 /* MaxCommonLogger.m in Sources */,
				199C60B3203615A600B4EC11 /* MAXErrorReporter.swift in Sources */,
				199C609A203615A600B4EC11 /* MaxMRAIDSettings.m in Sources */,
				199C60AC203615A600B4EC11 /* MAXAds.swift in Sources */,
				199C60A9203615A600B4EC11 /* MaxVASTUrlWithId.m in Sources */,
				199C60B6203615A600B4EC11 /* MAXAdView.swift in Sources */,
				199C60A4203615A600B4EC11 /* MaxVASTEventProcessor.m in Sources */,
				199C60A6203615A600B4EC11 /* MaxVASTMediaFilePicker.m in Sources */,
				199C6099203615A600B4EC11 /* MaxMRAIDResizeProperties.m in Sources */,
				199C6093203615A600B4EC11 /* MAXAPIConstants.swift in Sources */,
				199C6096203615A600B4EC11 /* MaxMRAIDModalViewController.m in Sources */,
				199C609E203615A600B4EC11 /* MaxBrowserControlsView.m in Sources */,
				199C60AD203615A600B4EC11 /* MAXConfiguration.swift in Sources */,
				199C60A5203615A600B4EC11 /* MaxVASTMediaFile.m in Sources */,
				199C60A3203615A600B4EC11 /* MaxVASTControls.m in Sources */,
				199C6097203615A600B4EC11 /* MaxMRAIDOrientationProperties.m in Sources */,
				199C609D203615A600B4EC11 /* MaxBrowser.m in Sources */,
				199C6094203615A600B4EC11 /* MAXUserAgent.swift in Sources */,
				199C6090203615A600B4EC11 /* MAXAdRequest.swift in Sources */,
				199C60A7203615A600B4EC11 /* MaxVASTModel.m in Sources */,
				199C60B1203615A600B4EC11 /* MAXDateFormatter.swift in Sources */,
				1980590820350ECA003DD86C /* SwiftFile.swift in Sources */,
				199C609C203615A600B4EC11 /* MaxMRAIDView.m in Sources */,
				199C608E203615A600B4EC11 /* MAXInterstitialAdapter.swift in Sources */,
				199C60B2203615A600B4EC11 /* MAXError.swift in Sources */,
				199C60A1203615A600B4EC11 /* MaxCommonSettings.m in Sources */,
				1980590A20350ECA003DD86C /* ObjCFile.m in Sources */,
				199C60AF203615A600B4EC11 /* MAXSession.swift in Sources */,
			);
			runOnlyForDeploymentPostprocessing = 0;
		};
/* End PBXSourcesBuildPhase section */

/* Begin XCBuildConfiguration section */
		198058E12034EFA4003DD86C /* Debug */ = {
			isa = XCBuildConfiguration;
			buildSettings = {
				ALWAYS_SEARCH_USER_PATHS = NO;
				CLANG_ANALYZER_NONNULL = YES;
				CLANG_ANALYZER_NUMBER_OBJECT_CONVERSION = YES_AGGRESSIVE;
				CLANG_CXX_LANGUAGE_STANDARD = "gnu++14";
				CLANG_CXX_LIBRARY = "libc++";
				CLANG_ENABLE_MODULES = YES;
				CLANG_ENABLE_OBJC_ARC = YES;
				CLANG_WARN_BLOCK_CAPTURE_AUTORELEASING = YES;
				CLANG_WARN_BOOL_CONVERSION = YES;
				CLANG_WARN_COMMA = YES;
				CLANG_WARN_CONSTANT_CONVERSION = YES;
				CLANG_WARN_DIRECT_OBJC_ISA_USAGE = YES_ERROR;
				CLANG_WARN_DOCUMENTATION_COMMENTS = YES;
				CLANG_WARN_EMPTY_BODY = YES;
				CLANG_WARN_ENUM_CONVERSION = YES;
				CLANG_WARN_INFINITE_RECURSION = YES;
				CLANG_WARN_INT_CONVERSION = YES;
				CLANG_WARN_NON_LITERAL_NULL_CONVERSION = YES;
				CLANG_WARN_OBJC_LITERAL_CONVERSION = YES;
				CLANG_WARN_OBJC_ROOT_CLASS = YES_ERROR;
				CLANG_WARN_RANGE_LOOP_ANALYSIS = YES;
				CLANG_WARN_STRICT_PROTOTYPES = YES;
				CLANG_WARN_SUSPICIOUS_MOVE = YES;
				CLANG_WARN_UNGUARDED_AVAILABILITY = YES_AGGRESSIVE;
				CLANG_WARN_UNREACHABLE_CODE = YES;
				CLANG_WARN__DUPLICATE_METHOD_MATCH = YES;
				CODE_SIGN_IDENTITY = "iPhone Developer";
				COPY_PHASE_STRIP = NO;
				DEBUG_INFORMATION_FORMAT = dwarf;
				ENABLE_STRICT_OBJC_MSGSEND = YES;
				ENABLE_TESTABILITY = YES;
				GCC_C_LANGUAGE_STANDARD = gnu11;
				GCC_DYNAMIC_NO_PIC = NO;
				GCC_NO_COMMON_BLOCKS = YES;
				GCC_OPTIMIZATION_LEVEL = 0;
				GCC_PREPROCESSOR_DEFINITIONS = (
					"DEBUG=1",
					"$(inherited)",
				);
				GCC_WARN_64_TO_32_BIT_CONVERSION = YES;
				GCC_WARN_ABOUT_RETURN_TYPE = YES_ERROR;
				GCC_WARN_UNDECLARED_SELECTOR = YES;
				GCC_WARN_UNINITIALIZED_AUTOS = YES_AGGRESSIVE;
				GCC_WARN_UNUSED_FUNCTION = YES;
				GCC_WARN_UNUSED_VARIABLE = YES;
				IPHONEOS_DEPLOYMENT_TARGET = 11.2;
				MTL_ENABLE_DEBUG_INFO = YES;
				ONLY_ACTIVE_ARCH = YES;
				SDKROOT = iphoneos;
			};
			name = Debug;
		};
		198058E22034EFA4003DD86C /* Release */ = {
			isa = XCBuildConfiguration;
			buildSettings = {
				ALWAYS_SEARCH_USER_PATHS = NO;
				CLANG_ANALYZER_NONNULL = YES;
				CLANG_ANALYZER_NUMBER_OBJECT_CONVERSION = YES_AGGRESSIVE;
				CLANG_CXX_LANGUAGE_STANDARD = "gnu++14";
				CLANG_CXX_LIBRARY = "libc++";
				CLANG_ENABLE_MODULES = YES;
				CLANG_ENABLE_OBJC_ARC = YES;
				CLANG_WARN_BLOCK_CAPTURE_AUTORELEASING = YES;
				CLANG_WARN_BOOL_CONVERSION = YES;
				CLANG_WARN_COMMA = YES;
				CLANG_WARN_CONSTANT_CONVERSION = YES;
				CLANG_WARN_DIRECT_OBJC_ISA_USAGE = YES_ERROR;
				CLANG_WARN_DOCUMENTATION_COMMENTS = YES;
				CLANG_WARN_EMPTY_BODY = YES;
				CLANG_WARN_ENUM_CONVERSION = YES;
				CLANG_WARN_INFINITE_RECURSION = YES;
				CLANG_WARN_INT_CONVERSION = YES;
				CLANG_WARN_NON_LITERAL_NULL_CONVERSION = YES;
				CLANG_WARN_OBJC_LITERAL_CONVERSION = YES;
				CLANG_WARN_OBJC_ROOT_CLASS = YES_ERROR;
				CLANG_WARN_RANGE_LOOP_ANALYSIS = YES;
				CLANG_WARN_STRICT_PROTOTYPES = YES;
				CLANG_WARN_SUSPICIOUS_MOVE = YES;
				CLANG_WARN_UNGUARDED_AVAILABILITY = YES_AGGRESSIVE;
				CLANG_WARN_UNREACHABLE_CODE = YES;
				CLANG_WARN__DUPLICATE_METHOD_MATCH = YES;
				CODE_SIGN_IDENTITY = "iPhone Developer";
				COPY_PHASE_STRIP = NO;
				DEBUG_INFORMATION_FORMAT = "dwarf-with-dsym";
				ENABLE_NS_ASSERTIONS = NO;
				ENABLE_STRICT_OBJC_MSGSEND = YES;
				GCC_C_LANGUAGE_STANDARD = gnu11;
				GCC_NO_COMMON_BLOCKS = YES;
				GCC_WARN_64_TO_32_BIT_CONVERSION = YES;
				GCC_WARN_ABOUT_RETURN_TYPE = YES_ERROR;
				GCC_WARN_UNDECLARED_SELECTOR = YES;
				GCC_WARN_UNINITIALIZED_AUTOS = YES_AGGRESSIVE;
				GCC_WARN_UNUSED_FUNCTION = YES;
				GCC_WARN_UNUSED_VARIABLE = YES;
				IPHONEOS_DEPLOYMENT_TARGET = 11.2;
				MTL_ENABLE_DEBUG_INFO = NO;
				SDKROOT = iphoneos;
				VALIDATE_PRODUCT = YES;
			};
			name = Release;
		};
		198058E42034EFA4003DD86C /* Debug */ = {
			isa = XCBuildConfiguration;
			buildSettings = {
				CLANG_ENABLE_MODULES = YES;
				CODE_SIGN_STYLE = Automatic;
				HEADER_SEARCH_PATHS = "$(SDKROOT)/usr/include/libxml2";
				LD_RUNPATH_SEARCH_PATHS = "$(inherited) @executable_path/Frameworks @loader_path/Frameworks";
				OTHER_LDFLAGS = "-ObjC";
				PRODUCT_NAME = "$(TARGET_NAME)";
				SKIP_INSTALL = YES;
				SWIFT_OBJC_BRIDGING_HEADER = "MixedStaticFramework/MixedStaticFramework-Bridging-Header.h";
				SWIFT_OPTIMIZATION_LEVEL = "-Onone";
				SWIFT_VERSION = 3.0;
				TARGETED_DEVICE_FAMILY = "1,2";
			};
			name = Debug;
		};
		198058E52034EFA4003DD86C /* Release */ = {
			isa = XCBuildConfiguration;
			buildSettings = {
				CLANG_ENABLE_MODULES = YES;
				CODE_SIGN_STYLE = Automatic;
				HEADER_SEARCH_PATHS = "$(SDKROOT)/usr/include/libxml2";
				LD_RUNPATH_SEARCH_PATHS = "$(inherited) @executable_path/Frameworks @loader_path/Frameworks";
				OTHER_LDFLAGS = "-ObjC";
				PRODUCT_NAME = "$(TARGET_NAME)";
				SKIP_INSTALL = YES;
				SWIFT_OBJC_BRIDGING_HEADER = "MixedStaticFramework/MixedStaticFramework-Bridging-Header.h";
				SWIFT_VERSION = 3.0;
				TARGETED_DEVICE_FAMILY = "1,2";
			};
			name = Release;
		};
/* End XCBuildConfiguration section */

/* Begin XCConfigurationList section */
		198058D52034EFA4003DD86C /* Build configuration list for PBXProject "MixedStaticFramework" */ = {
			isa = XCConfigurationList;
			buildConfigurations = (
				198058E12034EFA4003DD86C /* Debug */,
				198058E22034EFA4003DD86C /* Release */,
			);
			defaultConfigurationIsVisible = 0;
			defaultConfigurationName = Release;
		};
		198058E32034EFA4003DD86C /* Build configuration list for PBXNativeTarget "MixedStaticFramework" */ = {
			isa = XCConfigurationList;
			buildConfigurations = (
				198058E42034EFA4003DD86C /* Debug */,
				198058E52034EFA4003DD86C /* Release */,
			);
			defaultConfigurationIsVisible = 0;
			defaultConfigurationName = Release;
		};
/* End XCConfigurationList section */
	};
	rootObject = 198058D22034EFA4003DD86C /* Project object */;
}
